
Microsoft Visual Studio Solution File, Format Version 12.00
# Visual Studio Version 17
VisualStudioVersion = 17.8.34408.163
MinimumVisualStudioVersion = 10.0.40219.1
Project("{8BC9CEB8-8B4A-11D0-8D11-00A0C91BC942}") = "Celerity", "Celerity3.vcxproj", "{6D28A84B-C7D5-402B-BE1D-79C7E9036748}"
	ProjectSection(ProjectDependencies) = postProject
		{07634C8F-D3BF-37DD-B8B7-EA2301F133B2} = {07634C8F-D3BF-37DD-B8B7-EA2301F133B2}
		{136FFCEA-63D5-4756-9B1A-7734745AF3DD} = {136FFCEA-63D5-4756-9B1A-7734745AF3DD}
		{2A7E4B4A-53C1-3043-AA3C-5DA2FF7E5411} = {2A7E4B4A-53C1-3043-AA3C-5DA2FF7E5411}
		{3E55E33C-4834-4D0A-A998-1A33A6B91B74} = {3E55E33C-4834-4D0A-A998-1A33A6B91B74}
		{65A60F8B-6615-4B8F-879A-4E950756E7FD} = {65A60F8B-6615-4B8F-879A-4E950756E7FD}
		{6BEE76CE-1EE0-4FE1-A88C-F18AE45FF9BF} = {6BEE76CE-1EE0-4FE1-A88C-F18AE45FF9BF}
		{79B93CA5-6C17-3E03-8BD3-89E00F980594} = {79B93CA5-6C17-3E03-8BD3-89E00F980594}
		{9995927B-2AD8-315B-9242-D4485C94F040} = {9995927B-2AD8-315B-9242-D4485C94F040}
		{CF62610A-3667-40BD-8E11-30103DAA6EC0} = {CF62610A-3667-40BD-8E11-30103DAA6EC0}
		{FF33ED36-AD2A-365E-AC51-0193D006DAD9} = {FF33ED36-AD2A-365E-AC51-0193D006DAD9}
	EndProjectSection
EndProject
Project("{2150E333-8FDC-42A3-9474-1A3956D46DE8}") = "third-party", "third-party", "{EF4A097B-75FB-421C-B66E-E411BE29A4CA}"
EndProject
Project("{8BC9CEB8-8B4A-11D0-8D11-00A0C91BC942}") = "GLlibgen", "third-party\GLlibgen\GLlibgen.vcxproj", "{136FFCEA-63D5-4756-9B1A-7734745AF3DD}"
EndProject
Project("{2150E333-8FDC-42A3-9474-1A3956D46DE8}") = "Applications", "Applications", "{4E2B1180-74AF-4192-94FE-766EB5179074}"
EndProject
Project("{2150E333-8FDC-42A3-9474-1A3956D46DE8}") = "Plug-ins", "Plug-ins", "{294EDC34-AA56-40BE-9164-BB662F528E8F}"
EndProject
Project("{8BC9CEB8-8B4A-11D0-8D11-00A0C91BC942}") = "C3App", "Applications\C3App\C3App.vcxproj", "{B62D9315-9F28-4187-83CE-9E7DF7586870}"
	ProjectSection(ProjectDependencies) = postProject
		{3E55E33C-4834-4D0A-A998-1A33A6B91B74} = {3E55E33C-4834-4D0A-A998-1A33A6B91B74}
		{65A60F8B-6615-4B8F-879A-4E950756E7FD} = {65A60F8B-6615-4B8F-879A-4E950756E7FD}
		{6BEE76CE-1EE0-4FE1-A88C-F18AE45FF9BF} = {6BEE76CE-1EE0-4FE1-A88C-F18AE45FF9BF}
		{6D28A84B-C7D5-402B-BE1D-79C7E9036748} = {6D28A84B-C7D5-402B-BE1D-79C7E9036748}
		{CF62610A-3667-40BD-8E11-30103DAA6EC0} = {CF62610A-3667-40BD-8E11-30103DAA6EC0}
	EndProjectSection
EndProject
Project("{8BC9CEB8-8B4A-11D0-8D11-00A0C91BC942}") = "C3Edit", "Applications\C3Edit\C3Edit.vcxproj", "{86949A13-6C13-486F-BE44-835C3A02C685}"
	ProjectSection(ProjectDependencies) = postProject
		{3E55E33C-4834-4D0A-A998-1A33A6B91B74} = {3E55E33C-4834-4D0A-A998-1A33A6B91B74}
		{65A60F8B-6615-4B8F-879A-4E950756E7FD} = {65A60F8B-6615-4B8F-879A-4E950756E7FD}
		{6BEE76CE-1EE0-4FE1-A88C-F18AE45FF9BF} = {6BEE76CE-1EE0-4FE1-A88C-F18AE45FF9BF}
		{6D28A84B-C7D5-402B-BE1D-79C7E9036748} = {6D28A84B-C7D5-402B-BE1D-79C7E9036748}
		{B62D9315-9F28-4187-83CE-9E7DF7586870} = {B62D9315-9F28-4187-83CE-9E7DF7586870}
		{CF62610A-3667-40BD-8E11-30103DAA6EC0} = {CF62610A-3667-40BD-8E11-30103DAA6EC0}
	EndProjectSection
EndProject
Project("{8BC9CEB8-8B4A-11D0-8D11-00A0C91BC942}") = "assimp", "third-party\assimp\assimp.vcxproj", "{FF33ED36-AD2A-365E-AC51-0193D006DAD9}"
	ProjectSection(ProjectDependencies) = postProject
		{07634C8F-D3BF-37DD-B8B7-EA2301F133B2} = {07634C8F-D3BF-37DD-B8B7-EA2301F133B2}
		{79B93CA5-6C17-3E03-8BD3-89E00F980594} = {79B93CA5-6C17-3E03-8BD3-89E00F980594}
	EndProjectSection
EndProject
Project("{8BC9CEB8-8B4A-11D0-8D11-00A0C91BC942}") = "INSTALLER", "INSTALLER\INSTALLER.vcxproj", "{3DAE0343-91E7-4051-BA89-B78104D34972}"
	ProjectSection(ProjectDependencies) = postProject
		{6D28A84B-C7D5-402B-BE1D-79C7E9036748} = {6D28A84B-C7D5-402B-BE1D-79C7E9036748}
		{86949A13-6C13-486F-BE44-835C3A02C685} = {86949A13-6C13-486F-BE44-835C3A02C685}
		{B62D9315-9F28-4187-83CE-9E7DF7586870} = {B62D9315-9F28-4187-83CE-9E7DF7586870}
	EndProjectSection
EndProject
Project("{8BC9CEB8-8B4A-11D0-8D11-00A0C91BC942}") = "C3SamplePlugin", "Samples\C3SamplePlugin\C3SamplePlugin.vcxproj", "{65B87D08-3CBD-450C-969A-1D12D438982B}"
	ProjectSection(ProjectDependencies) = postProject
		{6D28A84B-C7D5-402B-BE1D-79C7E9036748} = {6D28A84B-C7D5-402B-BE1D-79C7E9036748}
	EndProjectSection
EndProject
Project("{FAE04EC0-301F-11D3-BF4B-00C04F79EFBC}") = "C3ComponentGenerator", "Applications\C3ComponentGenerator\C3ComponentGenerator.csproj", "{4F14A8FF-E30D-411E-9986-F5D8FA3867F4}"
EndProject
Project("{8BC9CEB8-8B4A-11D0-8D11-00A0C91BC942}") = "tiff", "third-party\libtiff\build\libtiff\tiff.vcxproj", "{9995927B-2AD8-315B-9242-D4485C94F040}"
EndProject
Project("{8BC9CEB8-8B4A-11D0-8D11-00A0C91BC942}") = "zlibstatic", "third-party\zlib\zlibstatic.vcxproj", "{79B93CA5-6C17-3E03-8BD3-89E00F980594}"
EndProject
Project("{8BC9CEB8-8B4A-11D0-8D11-00A0C91BC942}") = "irrXML", "third-party\irrXML\irrXML.vcxproj", "{07634C8F-D3BF-37DD-B8B7-EA2301F133B2}"
EndProject
Project("{8BC9CEB8-8B4A-11D0-8D11-00A0C91BC942}") = "Pool", "third-party\Pool\Pool.vcxproj", "{65A60F8B-6615-4B8F-879A-4E950756E7FD}"
EndProject
Project("{8BC9CEB8-8B4A-11D0-8D11-00A0C91BC942}") = "PowerProps", "third-party\PowerProps\PowerProps.vcxproj", "{6BEE76CE-1EE0-4FE1-A88C-F18AE45FF9BF}"
EndProject
Project("{8BC9CEB8-8B4A-11D0-8D11-00A0C91BC942}") = "mqme", "third-party\mqme\mqme.vcxproj", "{CF62610A-3667-40BD-8E11-30103DAA6EC0}"
EndProject
Project("{8BC9CEB8-8B4A-11D0-8D11-00A0C91BC942}") = "GenIO", "third-party\GenIO\GenIO.vcxproj", "{3E55E33C-4834-4D0A-A998-1A33A6B91B74}"
EndProject
Project("{8BC9CEB8-8B4A-11D0-8D11-00A0C91BC942}") = "ODE", "third-party\ode\build\ODE.vcxproj", "{2A7E4B4A-53C1-3043-AA3C-5DA2FF7E5411}"
EndProject
Global
	GlobalSection(SolutionConfigurationPlatforms) = preSolution
		Bootstrap|Any CPU = Bootstrap|Any CPU
		Bootstrap|x64 = Bootstrap|x64
		Bootstrap|x86 = Bootstrap|x86
		Debug Static|Any CPU = Debug Static|Any CPU
		Debug Static|x64 = Debug Static|x64
		Debug Static|x86 = Debug Static|x86
		Debug|Any CPU = Debug|Any CPU
		Debug|x64 = Debug|x64
		Debug|x86 = Debug|x86
		Release Static|Any CPU = Release Static|Any CPU
		Release Static|x64 = Release Static|x64
		Release Static|x86 = Release Static|x86
		Release|Any CPU = Release|Any CPU
		Release|x64 = Release|x64
		Release|x86 = Release|x86
	EndGlobalSection
	GlobalSection(ProjectConfigurationPlatforms) = postSolution
		{6D28A84B-C7D5-402B-BE1D-79C7E9036748}.Bootstrap|Any CPU.ActiveCfg = Bootstrap|x64
		{6D28A84B-C7D5-402B-BE1D-79C7E9036748}.Bootstrap|Any CPU.Build.0 = Bootstrap|x64
		{6D28A84B-C7D5-402B-BE1D-79C7E9036748}.Bootstrap|x64.ActiveCfg = Bootstrap|x64
		{6D28A84B-C7D5-402B-BE1D-79C7E9036748}.Bootstrap|x64.Build.0 = Bootstrap|x64
		{6D28A84B-C7D5-402B-BE1D-79C7E9036748}.Bootstrap|x86.ActiveCfg = Bootstrap|Win32
		{6D28A84B-C7D5-402B-BE1D-79C7E9036748}.Bootstrap|x86.Build.0 = Bootstrap|Win32
		{6D28A84B-C7D5-402B-BE1D-79C7E9036748}.Debug Static|Any CPU.ActiveCfg = Debug|x64
		{6D28A84B-C7D5-402B-BE1D-79C7E9036748}.Debug Static|Any CPU.Build.0 = Debug|x64
		{6D28A84B-C7D5-402B-BE1D-79C7E9036748}.Debug Static|x64.ActiveCfg = Debug|x64
		{6D28A84B-C7D5-402B-BE1D-79C7E9036748}.Debug Static|x64.Build.0 = Debug|x64
		{6D28A84B-C7D5-402B-BE1D-79C7E9036748}.Debug Static|x86.ActiveCfg = Debug|Win32
		{6D28A84B-C7D5-402B-BE1D-79C7E9036748}.Debug Static|x86.Build.0 = Debug|Win32
		{6D28A84B-C7D5-402B-BE1D-79C7E9036748}.Debug|Any CPU.ActiveCfg = Debug|x64
		{6D28A84B-C7D5-402B-BE1D-79C7E9036748}.Debug|Any CPU.Build.0 = Debug|x64
		{6D28A84B-C7D5-402B-BE1D-79C7E9036748}.Debug|x64.ActiveCfg = Debug|x64
		{6D28A84B-C7D5-402B-BE1D-79C7E9036748}.Debug|x64.Build.0 = Debug|x64
		{6D28A84B-C7D5-402B-BE1D-79C7E9036748}.Debug|x86.ActiveCfg = Debug|Win32
		{6D28A84B-C7D5-402B-BE1D-79C7E9036748}.Debug|x86.Build.0 = Debug|Win32
		{6D28A84B-C7D5-402B-BE1D-79C7E9036748}.Release Static|Any CPU.ActiveCfg = Release|x64
		{6D28A84B-C7D5-402B-BE1D-79C7E9036748}.Release Static|Any CPU.Build.0 = Release|x64
		{6D28A84B-C7D5-402B-BE1D-79C7E9036748}.Release Static|x64.ActiveCfg = Release|x64
		{6D28A84B-C7D5-402B-BE1D-79C7E9036748}.Release Static|x64.Build.0 = Release|x64
		{6D28A84B-C7D5-402B-BE1D-79C7E9036748}.Release Static|x86.ActiveCfg = Release|Win32
		{6D28A84B-C7D5-402B-BE1D-79C7E9036748}.Release Static|x86.Build.0 = Release|Win32
		{6D28A84B-C7D5-402B-BE1D-79C7E9036748}.Release|Any CPU.ActiveCfg = Release|x64
		{6D28A84B-C7D5-402B-BE1D-79C7E9036748}.Release|Any CPU.Build.0 = Release|x64
		{6D28A84B-C7D5-402B-BE1D-79C7E9036748}.Release|x64.ActiveCfg = Release|x64
		{6D28A84B-C7D5-402B-BE1D-79C7E9036748}.Release|x64.Build.0 = Release|x64
		{6D28A84B-C7D5-402B-BE1D-79C7E9036748}.Release|x86.ActiveCfg = Release|Win32
		{6D28A84B-C7D5-402B-BE1D-79C7E9036748}.Release|x86.Build.0 = Release|Win32
		{136FFCEA-63D5-4756-9B1A-7734745AF3DD}.Bootstrap|Any CPU.ActiveCfg = Debug|x64
		{136FFCEA-63D5-4756-9B1A-7734745AF3DD}.Bootstrap|Any CPU.Build.0 = Debug|x64
		{136FFCEA-63D5-4756-9B1A-7734745AF3DD}.Bootstrap|x64.ActiveCfg = Release|x64
		{136FFCEA-63D5-4756-9B1A-7734745AF3DD}.Bootstrap|x64.Build.0 = Release|x64
		{136FFCEA-63D5-4756-9B1A-7734745AF3DD}.Bootstrap|x86.ActiveCfg = Debug|Win32
		{136FFCEA-63D5-4756-9B1A-7734745AF3DD}.Bootstrap|x86.Build.0 = Debug|Win32
		{136FFCEA-63D5-4756-9B1A-7734745AF3DD}.Debug Static|Any CPU.ActiveCfg = Debug|x64
		{136FFCEA-63D5-4756-9B1A-7734745AF3DD}.Debug Static|x64.ActiveCfg = Debug|x64
		{136FFCEA-63D5-4756-9B1A-7734745AF3DD}.Debug Static|x64.Build.0 = Debug|x64
		{136FFCEA-63D5-4756-9B1A-7734745AF3DD}.Debug Static|x86.ActiveCfg = Debug|Win32
		{136FFCEA-63D5-4756-9B1A-7734745AF3DD}.Debug Static|x86.Build.0 = Debug|Win32
		{136FFCEA-63D5-4756-9B1A-7734745AF3DD}.Debug|Any CPU.ActiveCfg = Debug|x64
		{136FFCEA-63D5-4756-9B1A-7734745AF3DD}.Debug|x64.ActiveCfg = Debug|x64
		{136FFCEA-63D5-4756-9B1A-7734745AF3DD}.Debug|x86.ActiveCfg = Debug|Win32
		{136FFCEA-63D5-4756-9B1A-7734745AF3DD}.Debug|x86.Build.0 = Debug|Win32
		{136FFCEA-63D5-4756-9B1A-7734745AF3DD}.Release Static|Any CPU.ActiveCfg = Release|x64
		{136FFCEA-63D5-4756-9B1A-7734745AF3DD}.Release Static|x64.ActiveCfg = Release|x64
		{136FFCEA-63D5-4756-9B1A-7734745AF3DD}.Release Static|x64.Build.0 = Release|x64
		{136FFCEA-63D5-4756-9B1A-7734745AF3DD}.Release Static|x86.ActiveCfg = Release|Win32
		{136FFCEA-63D5-4756-9B1A-7734745AF3DD}.Release Static|x86.Build.0 = Release|Win32
		{136FFCEA-63D5-4756-9B1A-7734745AF3DD}.Release|Any CPU.ActiveCfg = Release|x64
		{136FFCEA-63D5-4756-9B1A-7734745AF3DD}.Release|x64.ActiveCfg = Release|x64
		{136FFCEA-63D5-4756-9B1A-7734745AF3DD}.Release|x86.ActiveCfg = Release|Win32
		{136FFCEA-63D5-4756-9B1A-7734745AF3DD}.Release|x86.Build.0 = Release|Win32
		{B62D9315-9F28-4187-83CE-9E7DF7586870}.Bootstrap|Any CPU.ActiveCfg = Debug|x64
		{B62D9315-9F28-4187-83CE-9E7DF7586870}.Bootstrap|Any CPU.Build.0 = Debug|x64
		{B62D9315-9F28-4187-83CE-9E7DF7586870}.Bootstrap|x64.ActiveCfg = Release|x64
		{B62D9315-9F28-4187-83CE-9E7DF7586870}.Bootstrap|x86.ActiveCfg = Debug|Win32
		{B62D9315-9F28-4187-83CE-9E7DF7586870}.Bootstrap|x86.Build.0 = Debug|Win32
		{B62D9315-9F28-4187-83CE-9E7DF7586870}.Debug Static|Any CPU.ActiveCfg = Debug|x64
		{B62D9315-9F28-4187-83CE-9E7DF7586870}.Debug Static|Any CPU.Build.0 = Debug|x64
		{B62D9315-9F28-4187-83CE-9E7DF7586870}.Debug Static|x64.ActiveCfg = Debug|x64
		{B62D9315-9F28-4187-83CE-9E7DF7586870}.Debug Static|x64.Build.0 = Debug|x64
		{B62D9315-9F28-4187-83CE-9E7DF7586870}.Debug Static|x86.ActiveCfg = Debug|Win32
		{B62D9315-9F28-4187-83CE-9E7DF7586870}.Debug Static|x86.Build.0 = Debug|Win32
		{B62D9315-9F28-4187-83CE-9E7DF7586870}.Debug|Any CPU.ActiveCfg = Debug|x64
		{B62D9315-9F28-4187-83CE-9E7DF7586870}.Debug|Any CPU.Build.0 = Debug|x64
		{B62D9315-9F28-4187-83CE-9E7DF7586870}.Debug|x64.ActiveCfg = Debug|x64
		{B62D9315-9F28-4187-83CE-9E7DF7586870}.Debug|x64.Build.0 = Debug|x64
		{B62D9315-9F28-4187-83CE-9E7DF7586870}.Debug|x86.ActiveCfg = Debug|Win32
		{B62D9315-9F28-4187-83CE-9E7DF7586870}.Debug|x86.Build.0 = Debug|Win32
		{B62D9315-9F28-4187-83CE-9E7DF7586870}.Release Static|Any CPU.ActiveCfg = Release|x64
		{B62D9315-9F28-4187-83CE-9E7DF7586870}.Release Static|Any CPU.Build.0 = Release|x64
		{B62D9315-9F28-4187-83CE-9E7DF7586870}.Release Static|x64.ActiveCfg = Release|x64
		{B62D9315-9F28-4187-83CE-9E7DF7586870}.Release Static|x64.Build.0 = Release|x64
		{B62D9315-9F28-4187-83CE-9E7DF7586870}.Release Static|x86.ActiveCfg = Release|Win32
		{B62D9315-9F28-4187-83CE-9E7DF7586870}.Release Static|x86.Build.0 = Release|Win32
		{B62D9315-9F28-4187-83CE-9E7DF7586870}.Release|Any CPU.ActiveCfg = Release|x64
		{B62D9315-9F28-4187-83CE-9E7DF7586870}.Release|Any CPU.Build.0 = Release|x64
		{B62D9315-9F28-4187-83CE-9E7DF7586870}.Release|x64.ActiveCfg = Release|x64
		{B62D9315-9F28-4187-83CE-9E7DF7586870}.Release|x64.Build.0 = Release|x64
		{B62D9315-9F28-4187-83CE-9E7DF7586870}.Release|x86.ActiveCfg = Release|Win32
		{B62D9315-9F28-4187-83CE-9E7DF7586870}.Release|x86.Build.0 = Release|Win32
		{86949A13-6C13-486F-BE44-835C3A02C685}.Bootstrap|Any CPU.ActiveCfg = Debug|x64
		{86949A13-6C13-486F-BE44-835C3A02C685}.Bootstrap|Any CPU.Build.0 = Debug|x64
		{86949A13-6C13-486F-BE44-835C3A02C685}.Bootstrap|x64.ActiveCfg = Release|x64
		{86949A13-6C13-486F-BE44-835C3A02C685}.Bootstrap|x86.ActiveCfg = Debug|Win32
		{86949A13-6C13-486F-BE44-835C3A02C685}.Bootstrap|x86.Build.0 = Debug|Win32
		{86949A13-6C13-486F-BE44-835C3A02C685}.Debug Static|Any CPU.ActiveCfg = Debug|x64
		{86949A13-6C13-486F-BE44-835C3A02C685}.Debug Static|Any CPU.Build.0 = Debug|x64
		{86949A13-6C13-486F-BE44-835C3A02C685}.Debug Static|x64.ActiveCfg = Debug|x64
		{86949A13-6C13-486F-BE44-835C3A02C685}.Debug Static|x64.Build.0 = Debug|x64
		{86949A13-6C13-486F-BE44-835C3A02C685}.Debug Static|x86.ActiveCfg = Debug|Win32
		{86949A13-6C13-486F-BE44-835C3A02C685}.Debug Static|x86.Build.0 = Debug|Win32
		{86949A13-6C13-486F-BE44-835C3A02C685}.Debug|Any CPU.ActiveCfg = Debug|x64
		{86949A13-6C13-486F-BE44-835C3A02C685}.Debug|Any CPU.Build.0 = Debug|x64
		{86949A13-6C13-486F-BE44-835C3A02C685}.Debug|x64.ActiveCfg = Debug|x64
		{86949A13-6C13-486F-BE44-835C3A02C685}.Debug|x64.Build.0 = Debug|x64
		{86949A13-6C13-486F-BE44-835C3A02C685}.Debug|x86.ActiveCfg = Debug|Win32
		{86949A13-6C13-486F-BE44-835C3A02C685}.Debug|x86.Build.0 = Debug|Win32
		{86949A13-6C13-486F-BE44-835C3A02C685}.Release Static|Any CPU.ActiveCfg = Release|x64
		{86949A13-6C13-486F-BE44-835C3A02C685}.Release Static|Any CPU.Build.0 = Release|x64
		{86949A13-6C13-486F-BE44-835C3A02C685}.Release Static|x64.ActiveCfg = Release|x64
		{86949A13-6C13-486F-BE44-835C3A02C685}.Release Static|x64.Build.0 = Release|x64
		{86949A13-6C13-486F-BE44-835C3A02C685}.Release Static|x86.ActiveCfg = Release|Win32
		{86949A13-6C13-486F-BE44-835C3A02C685}.Release Static|x86.Build.0 = Release|Win32
		{86949A13-6C13-486F-BE44-835C3A02C685}.Release|Any CPU.ActiveCfg = Release|x64
		{86949A13-6C13-486F-BE44-835C3A02C685}.Release|Any CPU.Build.0 = Release|x64
		{86949A13-6C13-486F-BE44-835C3A02C685}.Release|x64.ActiveCfg = Release|x64
		{86949A13-6C13-486F-BE44-835C3A02C685}.Release|x64.Build.0 = Release|x64
		{86949A13-6C13-486F-BE44-835C3A02C685}.Release|x86.ActiveCfg = Release|Win32
		{86949A13-6C13-486F-BE44-835C3A02C685}.Release|x86.Build.0 = Release|Win32
		{FF33ED36-AD2A-365E-AC51-0193D006DAD9}.Bootstrap|Any CPU.ActiveCfg = Release|x64
		{FF33ED36-AD2A-365E-AC51-0193D006DAD9}.Bootstrap|Any CPU.Build.0 = Release|x64
		{FF33ED36-AD2A-365E-AC51-0193D006DAD9}.Bootstrap|x64.ActiveCfg = Debug|x64
		{FF33ED36-AD2A-365E-AC51-0193D006DAD9}.Bootstrap|x64.Build.0 = Debug|x64
		{FF33ED36-AD2A-365E-AC51-0193D006DAD9}.Bootstrap|x86.ActiveCfg = Release|x64
		{FF33ED36-AD2A-365E-AC51-0193D006DAD9}.Bootstrap|x86.Build.0 = Release|x64
		{FF33ED36-AD2A-365E-AC51-0193D006DAD9}.Debug Static|Any CPU.ActiveCfg = Debug|x64
		{FF33ED36-AD2A-365E-AC51-0193D006DAD9}.Debug Static|Any CPU.Build.0 = Debug|x64
		{FF33ED36-AD2A-365E-AC51-0193D006DAD9}.Debug Static|x64.ActiveCfg = Debug|x64
		{FF33ED36-AD2A-365E-AC51-0193D006DAD9}.Debug Static|x64.Build.0 = Debug|x64
		{FF33ED36-AD2A-365E-AC51-0193D006DAD9}.Debug Static|x86.ActiveCfg = Debug|x64
		{FF33ED36-AD2A-365E-AC51-0193D006DAD9}.Debug Static|x86.Build.0 = Debug|x64
		{FF33ED36-AD2A-365E-AC51-0193D006DAD9}.Debug|Any CPU.ActiveCfg = Debug|x64
		{FF33ED36-AD2A-365E-AC51-0193D006DAD9}.Debug|Any CPU.Build.0 = Debug|x64
		{FF33ED36-AD2A-365E-AC51-0193D006DAD9}.Debug|x64.ActiveCfg = Debug|x64
		{FF33ED36-AD2A-365E-AC51-0193D006DAD9}.Debug|x64.Build.0 = Debug|x64
		{FF33ED36-AD2A-365E-AC51-0193D006DAD9}.Debug|x86.ActiveCfg = Debug|x64
		{FF33ED36-AD2A-365E-AC51-0193D006DAD9}.Release Static|Any CPU.ActiveCfg = Release|x64
		{FF33ED36-AD2A-365E-AC51-0193D006DAD9}.Release Static|Any CPU.Build.0 = Release|x64
		{FF33ED36-AD2A-365E-AC51-0193D006DAD9}.Release Static|x64.ActiveCfg = Release|x64
		{FF33ED36-AD2A-365E-AC51-0193D006DAD9}.Release Static|x64.Build.0 = Release|x64
		{FF33ED36-AD2A-365E-AC51-0193D006DAD9}.Release Static|x86.ActiveCfg = Release|x64
		{FF33ED36-AD2A-365E-AC51-0193D006DAD9}.Release Static|x86.Build.0 = Release|x64
		{FF33ED36-AD2A-365E-AC51-0193D006DAD9}.Release|Any CPU.ActiveCfg = Release|x64
		{FF33ED36-AD2A-365E-AC51-0193D006DAD9}.Release|Any CPU.Build.0 = Release|x64
		{FF33ED36-AD2A-365E-AC51-0193D006DAD9}.Release|x64.ActiveCfg = Release|x64
		{FF33ED36-AD2A-365E-AC51-0193D006DAD9}.Release|x64.Build.0 = Release|x64
		{FF33ED36-AD2A-365E-AC51-0193D006DAD9}.Release|x86.ActiveCfg = Release|x64
		{3DAE0343-91E7-4051-BA89-B78104D34972}.Bootstrap|Any CPU.ActiveCfg = Debug|x64
		{3DAE0343-91E7-4051-BA89-B78104D34972}.Bootstrap|x64.ActiveCfg = Release|x64
		{3DAE0343-91E7-4051-BA89-B78104D34972}.Bootstrap|x86.ActiveCfg = Debug|Win32
		{3DAE0343-91E7-4051-BA89-B78104D34972}.Bootstrap|x86.Build.0 = Debug|Win32
		{3DAE0343-91E7-4051-BA89-B78104D34972}.Debug Static|Any CPU.ActiveCfg = Debug|x64
		{3DAE0343-91E7-4051-BA89-B78104D34972}.Debug Static|x64.ActiveCfg = Debug|x64
		{3DAE0343-91E7-4051-BA89-B78104D34972}.Debug Static|x64.Build.0 = Debug|x64
		{3DAE0343-91E7-4051-BA89-B78104D34972}.Debug Static|x86.ActiveCfg = Debug|Win32
		{3DAE0343-91E7-4051-BA89-B78104D34972}.Debug Static|x86.Build.0 = Debug|Win32
		{3DAE0343-91E7-4051-BA89-B78104D34972}.Debug|Any CPU.ActiveCfg = Debug|x64
		{3DAE0343-91E7-4051-BA89-B78104D34972}.Debug|x64.ActiveCfg = Debug|x64
		{3DAE0343-91E7-4051-BA89-B78104D34972}.Debug|x86.ActiveCfg = Debug|Win32
		{3DAE0343-91E7-4051-BA89-B78104D34972}.Debug|x86.Build.0 = Debug|Win32
		{3DAE0343-91E7-4051-BA89-B78104D34972}.Release Static|Any CPU.ActiveCfg = Release|x64
		{3DAE0343-91E7-4051-BA89-B78104D34972}.Release Static|Any CPU.Build.0 = Release|x64
		{3DAE0343-91E7-4051-BA89-B78104D34972}.Release Static|x64.ActiveCfg = Release|x64
		{3DAE0343-91E7-4051-BA89-B78104D34972}.Release Static|x64.Build.0 = Release|x64
		{3DAE0343-91E7-4051-BA89-B78104D34972}.Release Static|x86.ActiveCfg = Release|Win32
		{3DAE0343-91E7-4051-BA89-B78104D34972}.Release Static|x86.Build.0 = Release|Win32
		{3DAE0343-91E7-4051-BA89-B78104D34972}.Release|Any CPU.ActiveCfg = Release|x64
		{3DAE0343-91E7-4051-BA89-B78104D34972}.Release|Any CPU.Build.0 = Release|x64
		{3DAE0343-91E7-4051-BA89-B78104D34972}.Release|x64.ActiveCfg = Release|x64
		{3DAE0343-91E7-4051-BA89-B78104D34972}.Release|x64.Build.0 = Release|x64
		{3DAE0343-91E7-4051-BA89-B78104D34972}.Release|x86.ActiveCfg = Release|Win32
		{3DAE0343-91E7-4051-BA89-B78104D34972}.Release|x86.Build.0 = Release|Win32
		{65B87D08-3CBD-450C-969A-1D12D438982B}.Bootstrap|Any CPU.ActiveCfg = Release|x64
		{65B87D08-3CBD-450C-969A-1D12D438982B}.Bootstrap|Any CPU.Build.0 = Release|x64
		{65B87D08-3CBD-450C-969A-1D12D438982B}.Bootstrap|x64.ActiveCfg = Debug|x64
		{65B87D08-3CBD-450C-969A-1D12D438982B}.Bootstrap|x64.Build.0 = Debug|x64
		{65B87D08-3CBD-450C-969A-1D12D438982B}.Bootstrap|x86.ActiveCfg = Debug|Win32
		{65B87D08-3CBD-450C-969A-1D12D438982B}.Bootstrap|x86.Build.0 = Debug|Win32
		{65B87D08-3CBD-450C-969A-1D12D438982B}.Debug Static|Any CPU.ActiveCfg = Debug|x64
		{65B87D08-3CBD-450C-969A-1D12D438982B}.Debug Static|Any CPU.Build.0 = Debug|x64
		{65B87D08-3CBD-450C-969A-1D12D438982B}.Debug Static|x64.ActiveCfg = Debug|x64
		{65B87D08-3CBD-450C-969A-1D12D438982B}.Debug Static|x64.Build.0 = Debug|x64
		{65B87D08-3CBD-450C-969A-1D12D438982B}.Debug Static|x86.ActiveCfg = Debug|Win32
		{65B87D08-3CBD-450C-969A-1D12D438982B}.Debug Static|x86.Build.0 = Debug|Win32
		{65B87D08-3CBD-450C-969A-1D12D438982B}.Debug|Any CPU.ActiveCfg = Debug|x64
		{65B87D08-3CBD-450C-969A-1D12D438982B}.Debug|x64.ActiveCfg = Debug|x64
		{65B87D08-3CBD-450C-969A-1D12D438982B}.Debug|x86.ActiveCfg = Debug|Win32
		{65B87D08-3CBD-450C-969A-1D12D438982B}.Debug|x86.Build.0 = Debug|Win32
		{65B87D08-3CBD-450C-969A-1D12D438982B}.Release Static|Any CPU.ActiveCfg = Release|x64
		{65B87D08-3CBD-450C-969A-1D12D438982B}.Release Static|Any CPU.Build.0 = Release|x64
		{65B87D08-3CBD-450C-969A-1D12D438982B}.Release Static|x64.ActiveCfg = Release|x64
		{65B87D08-3CBD-450C-969A-1D12D438982B}.Release Static|x64.Build.0 = Release|x64
		{65B87D08-3CBD-450C-969A-1D12D438982B}.Release Static|x86.ActiveCfg = Release|Win32
		{65B87D08-3CBD-450C-969A-1D12D438982B}.Release Static|x86.Build.0 = Release|Win32
		{65B87D08-3CBD-450C-969A-1D12D438982B}.Release|Any CPU.ActiveCfg = Release|x64
		{65B87D08-3CBD-450C-969A-1D12D438982B}.Release|x64.ActiveCfg = Release|x64
		{65B87D08-3CBD-450C-969A-1D12D438982B}.Release|x86.ActiveCfg = Release|Win32
		{65B87D08-3CBD-450C-969A-1D12D438982B}.Release|x86.Build.0 = Release|Win32
		{4F14A8FF-E30D-411E-9986-F5D8FA3867F4}.Bootstrap|Any CPU.ActiveCfg = Debug|Any CPU
		{4F14A8FF-E30D-411E-9986-F5D8FA3867F4}.Bootstrap|Any CPU.Build.0 = Debug|Any CPU
		{4F14A8FF-E30D-411E-9986-F5D8FA3867F4}.Bootstrap|x64.ActiveCfg = Debug|Any CPU
		{4F14A8FF-E30D-411E-9986-F5D8FA3867F4}.Bootstrap|x64.Build.0 = Debug|Any CPU
		{4F14A8FF-E30D-411E-9986-F5D8FA3867F4}.Bootstrap|x86.ActiveCfg = Debug|Any CPU
		{4F14A8FF-E30D-411E-9986-F5D8FA3867F4}.Bootstrap|x86.Build.0 = Debug|Any CPU
		{4F14A8FF-E30D-411E-9986-F5D8FA3867F4}.Debug Static|Any CPU.ActiveCfg = Debug|Any CPU
		{4F14A8FF-E30D-411E-9986-F5D8FA3867F4}.Debug Static|Any CPU.Build.0 = Debug|Any CPU
		{4F14A8FF-E30D-411E-9986-F5D8FA3867F4}.Debug Static|x64.ActiveCfg = Debug|Any CPU
		{4F14A8FF-E30D-411E-9986-F5D8FA3867F4}.Debug Static|x64.Build.0 = Debug|Any CPU
		{4F14A8FF-E30D-411E-9986-F5D8FA3867F4}.Debug Static|x86.ActiveCfg = Debug|Any CPU
		{4F14A8FF-E30D-411E-9986-F5D8FA3867F4}.Debug Static|x86.Build.0 = Debug|Any CPU
		{4F14A8FF-E30D-411E-9986-F5D8FA3867F4}.Debug|Any CPU.ActiveCfg = Debug|Any CPU
		{4F14A8FF-E30D-411E-9986-F5D8FA3867F4}.Debug|Any CPU.Build.0 = Debug|Any CPU
		{4F14A8FF-E30D-411E-9986-F5D8FA3867F4}.Debug|x64.ActiveCfg = Release|Any CPU
		{4F14A8FF-E30D-411E-9986-F5D8FA3867F4}.Debug|x64.Build.0 = Release|Any CPU
		{4F14A8FF-E30D-411E-9986-F5D8FA3867F4}.Debug|x86.ActiveCfg = Debug|Any CPU
		{4F14A8FF-E30D-411E-9986-F5D8FA3867F4}.Debug|x86.Build.0 = Debug|Any CPU
		{4F14A8FF-E30D-411E-9986-F5D8FA3867F4}.Release Static|Any CPU.ActiveCfg = Release|Any CPU
		{4F14A8FF-E30D-411E-9986-F5D8FA3867F4}.Release Static|Any CPU.Build.0 = Release|Any CPU
		{4F14A8FF-E30D-411E-9986-F5D8FA3867F4}.Release Static|x64.ActiveCfg = Release|Any CPU
		{4F14A8FF-E30D-411E-9986-F5D8FA3867F4}.Release Static|x64.Build.0 = Release|Any CPU
		{4F14A8FF-E30D-411E-9986-F5D8FA3867F4}.Release Static|x86.ActiveCfg = Release|Any CPU
		{4F14A8FF-E30D-411E-9986-F5D8FA3867F4}.Release Static|x86.Build.0 = Release|Any CPU
		{4F14A8FF-E30D-411E-9986-F5D8FA3867F4}.Release|Any CPU.ActiveCfg = Release|Any CPU
		{4F14A8FF-E30D-411E-9986-F5D8FA3867F4}.Release|Any CPU.Build.0 = Release|Any CPU
		{4F14A8FF-E30D-411E-9986-F5D8FA3867F4}.Release|x64.ActiveCfg = Release|Any CPU
		{4F14A8FF-E30D-411E-9986-F5D8FA3867F4}.Release|x64.Build.0 = Release|Any CPU
		{4F14A8FF-E30D-411E-9986-F5D8FA3867F4}.Release|x86.ActiveCfg = Release|Any CPU
		{4F14A8FF-E30D-411E-9986-F5D8FA3867F4}.Release|x86.Build.0 = Release|Any CPU
		{9995927B-2AD8-315B-9242-D4485C94F040}.Bootstrap|Any CPU.ActiveCfg = Release|x64
		{9995927B-2AD8-315B-9242-D4485C94F040}.Bootstrap|Any CPU.Build.0 = Release|x64
		{9995927B-2AD8-315B-9242-D4485C94F040}.Bootstrap|x64.ActiveCfg = Release|x64
		{9995927B-2AD8-315B-9242-D4485C94F040}.Bootstrap|x64.Build.0 = Release|x64
		{9995927B-2AD8-315B-9242-D4485C94F040}.Bootstrap|x86.ActiveCfg = Release|x64
		{9995927B-2AD8-315B-9242-D4485C94F040}.Bootstrap|x86.Build.0 = Release|x64
		{9995927B-2AD8-315B-9242-D4485C94F040}.Debug Static|Any CPU.ActiveCfg = Debug|x64
		{9995927B-2AD8-315B-9242-D4485C94F040}.Debug Static|Any CPU.Build.0 = Debug|x64
		{9995927B-2AD8-315B-9242-D4485C94F040}.Debug Static|x64.ActiveCfg = Debug|x64
		{9995927B-2AD8-315B-9242-D4485C94F040}.Debug Static|x64.Build.0 = Debug|x64
		{9995927B-2AD8-315B-9242-D4485C94F040}.Debug Static|x86.ActiveCfg = Debug|x64
		{9995927B-2AD8-315B-9242-D4485C94F040}.Debug Static|x86.Build.0 = Debug|x64
		{9995927B-2AD8-315B-9242-D4485C94F040}.Debug|Any CPU.ActiveCfg = Debug|x64
		{9995927B-2AD8-315B-9242-D4485C94F040}.Debug|Any CPU.Build.0 = Debug|x64
		{9995927B-2AD8-315B-9242-D4485C94F040}.Debug|x64.ActiveCfg = Debug|x64
		{9995927B-2AD8-315B-9242-D4485C94F040}.Debug|x64.Build.0 = Debug|x64
		{9995927B-2AD8-315B-9242-D4485C94F040}.Debug|x86.ActiveCfg = Debug|x64
		{9995927B-2AD8-315B-9242-D4485C94F040}.Debug|x86.Build.0 = Debug|x64
		{9995927B-2AD8-315B-9242-D4485C94F040}.Release Static|Any CPU.ActiveCfg = Release|x64
		{9995927B-2AD8-315B-9242-D4485C94F040}.Release Static|Any CPU.Build.0 = Release|x64
		{9995927B-2AD8-315B-9242-D4485C94F040}.Release Static|x64.ActiveCfg = Release|x64
		{9995927B-2AD8-315B-9242-D4485C94F040}.Release Static|x64.Build.0 = Release|x64
		{9995927B-2AD8-315B-9242-D4485C94F040}.Release Static|x86.ActiveCfg = Release|x64
		{9995927B-2AD8-315B-9242-D4485C94F040}.Release Static|x86.Build.0 = Release|x64
		{9995927B-2AD8-315B-9242-D4485C94F040}.Release|Any CPU.ActiveCfg = Release|x64
		{9995927B-2AD8-315B-9242-D4485C94F040}.Release|Any CPU.Build.0 = Release|x64
		{9995927B-2AD8-315B-9242-D4485C94F040}.Release|x64.ActiveCfg = Release|x64
		{9995927B-2AD8-315B-9242-D4485C94F040}.Release|x64.Build.0 = Release|x64
		{9995927B-2AD8-315B-9242-D4485C94F040}.Release|x86.ActiveCfg = Release|x64
		{9995927B-2AD8-315B-9242-D4485C94F040}.Release|x86.Build.0 = Release|x64
		{79B93CA5-6C17-3E03-8BD3-89E00F980594}.Bootstrap|Any CPU.ActiveCfg = Debug|x64
		{79B93CA5-6C17-3E03-8BD3-89E00F980594}.Bootstrap|Any CPU.Build.0 = Debug|x64
		{79B93CA5-6C17-3E03-8BD3-89E00F980594}.Bootstrap|x64.ActiveCfg = Debug|x64
		{79B93CA5-6C17-3E03-8BD3-89E00F980594}.Bootstrap|x64.Build.0 = Debug|x64
		{79B93CA5-6C17-3E03-8BD3-89E00F980594}.Bootstrap|x86.ActiveCfg = Debug|x64
		{79B93CA5-6C17-3E03-8BD3-89E00F980594}.Bootstrap|x86.Build.0 = Debug|x64
		{79B93CA5-6C17-3E03-8BD3-89E00F980594}.Debug Static|Any CPU.ActiveCfg = Debug|x64
		{79B93CA5-6C17-3E03-8BD3-89E00F980594}.Debug Static|Any CPU.Build.0 = Debug|x64
		{79B93CA5-6C17-3E03-8BD3-89E00F980594}.Debug Static|x64.ActiveCfg = Debug|x64
		{79B93CA5-6C17-3E03-8BD3-89E00F980594}.Debug Static|x64.Build.0 = Debug|x64
		{79B93CA5-6C17-3E03-8BD3-89E00F980594}.Debug Static|x86.ActiveCfg = Debug|x64
		{79B93CA5-6C17-3E03-8BD3-89E00F980594}.Debug Static|x86.Build.0 = Debug|x64
		{79B93CA5-6C17-3E03-8BD3-89E00F980594}.Debug|Any CPU.ActiveCfg = Debug|x64
		{79B93CA5-6C17-3E03-8BD3-89E00F980594}.Debug|Any CPU.Build.0 = Debug|x64
		{79B93CA5-6C17-3E03-8BD3-89E00F980594}.Debug|x64.ActiveCfg = Debug|x64
		{79B93CA5-6C17-3E03-8BD3-89E00F980594}.Debug|x64.Build.0 = Debug|x64
		{79B93CA5-6C17-3E03-8BD3-89E00F980594}.Debug|x86.ActiveCfg = Debug|x64
		{79B93CA5-6C17-3E03-8BD3-89E00F980594}.Debug|x86.Build.0 = Debug|x64
		{79B93CA5-6C17-3E03-8BD3-89E00F980594}.Release Static|Any CPU.ActiveCfg = Release|x64
		{79B93CA5-6C17-3E03-8BD3-89E00F980594}.Release Static|Any CPU.Build.0 = Release|x64
		{79B93CA5-6C17-3E03-8BD3-89E00F980594}.Release Static|x64.ActiveCfg = Release|x64
		{79B93CA5-6C17-3E03-8BD3-89E00F980594}.Release Static|x64.Build.0 = Release|x64
		{79B93CA5-6C17-3E03-8BD3-89E00F980594}.Release Static|x86.ActiveCfg = Release|x64
		{79B93CA5-6C17-3E03-8BD3-89E00F980594}.Release Static|x86.Build.0 = Release|x64
		{79B93CA5-6C17-3E03-8BD3-89E00F980594}.Release|Any CPU.ActiveCfg = Release|x64
		{79B93CA5-6C17-3E03-8BD3-89E00F980594}.Release|Any CPU.Build.0 = Release|x64
		{79B93CA5-6C17-3E03-8BD3-89E00F980594}.Release|x64.ActiveCfg = Release|x64
		{79B93CA5-6C17-3E03-8BD3-89E00F980594}.Release|x64.Build.0 = Release|x64
		{79B93CA5-6C17-3E03-8BD3-89E00F980594}.Release|x86.ActiveCfg = Release|x64
		{79B93CA5-6C17-3E03-8BD3-89E00F980594}.Release|x86.Build.0 = Release|x64
		{07634C8F-D3BF-37DD-B8B7-EA2301F133B2}.Bootstrap|Any CPU.ActiveCfg = Debug|x64
		{07634C8F-D3BF-37DD-B8B7-EA2301F133B2}.Bootstrap|Any CPU.Build.0 = Debug|x64
		{07634C8F-D3BF-37DD-B8B7-EA2301F133B2}.Bootstrap|x64.ActiveCfg = Debug|x64
		{07634C8F-D3BF-37DD-B8B7-EA2301F133B2}.Bootstrap|x64.Build.0 = Debug|x64
		{07634C8F-D3BF-37DD-B8B7-EA2301F133B2}.Bootstrap|x86.ActiveCfg = Debug|x64
		{07634C8F-D3BF-37DD-B8B7-EA2301F133B2}.Bootstrap|x86.Build.0 = Debug|x64
		{07634C8F-D3BF-37DD-B8B7-EA2301F133B2}.Debug Static|Any CPU.ActiveCfg = Debug|x64
		{07634C8F-D3BF-37DD-B8B7-EA2301F133B2}.Debug Static|Any CPU.Build.0 = Debug|x64
		{07634C8F-D3BF-37DD-B8B7-EA2301F133B2}.Debug Static|x64.ActiveCfg = Debug|x64
		{07634C8F-D3BF-37DD-B8B7-EA2301F133B2}.Debug Static|x64.Build.0 = Debug|x64
		{07634C8F-D3BF-37DD-B8B7-EA2301F133B2}.Debug Static|x86.ActiveCfg = Debug|x64
		{07634C8F-D3BF-37DD-B8B7-EA2301F133B2}.Debug Static|x86.Build.0 = Debug|x64
		{07634C8F-D3BF-37DD-B8B7-EA2301F133B2}.Debug|Any CPU.ActiveCfg = Debug|x64
		{07634C8F-D3BF-37DD-B8B7-EA2301F133B2}.Debug|Any CPU.Build.0 = Debug|x64
		{07634C8F-D3BF-37DD-B8B7-EA2301F133B2}.Debug|x64.ActiveCfg = Debug|x64
		{07634C8F-D3BF-37DD-B8B7-EA2301F133B2}.Debug|x64.Build.0 = Debug|x64
		{07634C8F-D3BF-37DD-B8B7-EA2301F133B2}.Debug|x86.ActiveCfg = Debug|x64
		{07634C8F-D3BF-37DD-B8B7-EA2301F133B2}.Debug|x86.Build.0 = Debug|x64
		{07634C8F-D3BF-37DD-B8B7-EA2301F133B2}.Release Static|Any CPU.ActiveCfg = Release|x64
		{07634C8F-D3BF-37DD-B8B7-EA2301F133B2}.Release Static|Any CPU.Build.0 = Release|x64
		{07634C8F-D3BF-37DD-B8B7-EA2301F133B2}.Release Static|x64.ActiveCfg = Release|x64
		{07634C8F-D3BF-37DD-B8B7-EA2301F133B2}.Release Static|x64.Build.0 = Release|x64
		{07634C8F-D3BF-37DD-B8B7-EA2301F133B2}.Release Static|x86.ActiveCfg = Release|x64
		{07634C8F-D3BF-37DD-B8B7-EA2301F133B2}.Release Static|x86.Build.0 = Release|x64
		{07634C8F-D3BF-37DD-B8B7-EA2301F133B2}.Release|Any CPU.ActiveCfg = Release|x64
		{07634C8F-D3BF-37DD-B8B7-EA2301F133B2}.Release|Any CPU.Build.0 = Release|x64
		{07634C8F-D3BF-37DD-B8B7-EA2301F133B2}.Release|x64.ActiveCfg = Release|x64
		{07634C8F-D3BF-37DD-B8B7-EA2301F133B2}.Release|x64.Build.0 = Release|x64
		{07634C8F-D3BF-37DD-B8B7-EA2301F133B2}.Release|x86.ActiveCfg = Release|x64
		{07634C8F-D3BF-37DD-B8B7-EA2301F133B2}.Release|x86.Build.0 = Release|x64
		{65A60F8B-6615-4B8F-879A-4E950756E7FD}.Bootstrap|Any CPU.ActiveCfg = Debug|x64
		{65A60F8B-6615-4B8F-879A-4E950756E7FD}.Bootstrap|Any CPU.Build.0 = Debug|x64
		{65A60F8B-6615-4B8F-879A-4E950756E7FD}.Bootstrap|x64.ActiveCfg = Debug|x64
		{65A60F8B-6615-4B8F-879A-4E950756E7FD}.Bootstrap|x64.Build.0 = Debug|x64
		{65A60F8B-6615-4B8F-879A-4E950756E7FD}.Bootstrap|x86.ActiveCfg = Debug Static|Win32
		{65A60F8B-6615-4B8F-879A-4E950756E7FD}.Bootstrap|x86.Build.0 = Debug Static|Win32
		{65A60F8B-6615-4B8F-879A-4E950756E7FD}.Debug Static|Any CPU.ActiveCfg = Debug Static|x64
		{65A60F8B-6615-4B8F-879A-4E950756E7FD}.Debug Static|Any CPU.Build.0 = Debug Static|x64
		{65A60F8B-6615-4B8F-879A-4E950756E7FD}.Debug Static|x64.ActiveCfg = Debug Static|x64
		{65A60F8B-6615-4B8F-879A-4E950756E7FD}.Debug Static|x64.Build.0 = Debug Static|x64
		{65A60F8B-6615-4B8F-879A-4E950756E7FD}.Debug Static|x86.ActiveCfg = Debug Static|Win32
		{65A60F8B-6615-4B8F-879A-4E950756E7FD}.Debug Static|x86.Build.0 = Debug Static|Win32
		{65A60F8B-6615-4B8F-879A-4E950756E7FD}.Debug|Any CPU.ActiveCfg = Debug|x64
		{65A60F8B-6615-4B8F-879A-4E950756E7FD}.Debug|Any CPU.Build.0 = Debug|x64
		{65A60F8B-6615-4B8F-879A-4E950756E7FD}.Debug|x64.ActiveCfg = Debug|x64
		{65A60F8B-6615-4B8F-879A-4E950756E7FD}.Debug|x64.Build.0 = Debug|x64
		{65A60F8B-6615-4B8F-879A-4E950756E7FD}.Debug|x86.ActiveCfg = Debug|Win32
		{65A60F8B-6615-4B8F-879A-4E950756E7FD}.Debug|x86.Build.0 = Debug|Win32
		{65A60F8B-6615-4B8F-879A-4E950756E7FD}.Release Static|Any CPU.ActiveCfg = Release Static|x64
		{65A60F8B-6615-4B8F-879A-4E950756E7FD}.Release Static|Any CPU.Build.0 = Release Static|x64
		{65A60F8B-6615-4B8F-879A-4E950756E7FD}.Release Static|x64.ActiveCfg = Release Static|x64
		{65A60F8B-6615-4B8F-879A-4E950756E7FD}.Release Static|x64.Build.0 = Release Static|x64
		{65A60F8B-6615-4B8F-879A-4E950756E7FD}.Release Static|x86.ActiveCfg = Release Static|Win32
		{65A60F8B-6615-4B8F-879A-4E950756E7FD}.Release Static|x86.Build.0 = Release Static|Win32
		{65A60F8B-6615-4B8F-879A-4E950756E7FD}.Release|Any CPU.ActiveCfg = Release|x64
		{65A60F8B-6615-4B8F-879A-4E950756E7FD}.Release|Any CPU.Build.0 = Release|x64
		{65A60F8B-6615-4B8F-879A-4E950756E7FD}.Release|x64.ActiveCfg = Release|x64
		{65A60F8B-6615-4B8F-879A-4E950756E7FD}.Release|x64.Build.0 = Release|x64
		{65A60F8B-6615-4B8F-879A-4E950756E7FD}.Release|x86.ActiveCfg = Release|Win32
		{65A60F8B-6615-4B8F-879A-4E950756E7FD}.Release|x86.Build.0 = Release|Win32
		{6BEE76CE-1EE0-4FE1-A88C-F18AE45FF9BF}.Bootstrap|Any CPU.ActiveCfg = Debug|x64
		{6BEE76CE-1EE0-4FE1-A88C-F18AE45FF9BF}.Bootstrap|Any CPU.Build.0 = Debug|x64
		{6BEE76CE-1EE0-4FE1-A88C-F18AE45FF9BF}.Bootstrap|x64.ActiveCfg = Debug|x64
		{6BEE76CE-1EE0-4FE1-A88C-F18AE45FF9BF}.Bootstrap|x64.Build.0 = Debug|x64
		{6BEE76CE-1EE0-4FE1-A88C-F18AE45FF9BF}.Bootstrap|x86.ActiveCfg = Debug Static|Win32
		{6BEE76CE-1EE0-4FE1-A88C-F18AE45FF9BF}.Bootstrap|x86.Build.0 = Debug Static|Win32
		{6BEE76CE-1EE0-4FE1-A88C-F18AE45FF9BF}.Debug Static|Any CPU.ActiveCfg = Debug Static|x64
		{6BEE76CE-1EE0-4FE1-A88C-F18AE45FF9BF}.Debug Static|Any CPU.Build.0 = Debug Static|x64
		{6BEE76CE-1EE0-4FE1-A88C-F18AE45FF9BF}.Debug Static|x64.ActiveCfg = Debug Static|x64
		{6BEE76CE-1EE0-4FE1-A88C-F18AE45FF9BF}.Debug Static|x64.Build.0 = Debug Static|x64
		{6BEE76CE-1EE0-4FE1-A88C-F18AE45FF9BF}.Debug Static|x86.ActiveCfg = Debug Static|Win32
		{6BEE76CE-1EE0-4FE1-A88C-F18AE45FF9BF}.Debug Static|x86.Build.0 = Debug Static|Win32
		{6BEE76CE-1EE0-4FE1-A88C-F18AE45FF9BF}.Debug|Any CPU.ActiveCfg = Debug|x64
		{6BEE76CE-1EE0-4FE1-A88C-F18AE45FF9BF}.Debug|Any CPU.Build.0 = Debug|x64
		{6BEE76CE-1EE0-4FE1-A88C-F18AE45FF9BF}.Debug|x64.ActiveCfg = Debug|x64
		{6BEE76CE-1EE0-4FE1-A88C-F18AE45FF9BF}.Debug|x64.Build.0 = Debug|x64
		{6BEE76CE-1EE0-4FE1-A88C-F18AE45FF9BF}.Debug|x86.ActiveCfg = Debug|Win32
		{6BEE76CE-1EE0-4FE1-A88C-F18AE45FF9BF}.Debug|x86.Build.0 = Debug|Win32
		{6BEE76CE-1EE0-4FE1-A88C-F18AE45FF9BF}.Release Static|Any CPU.ActiveCfg = Release Static|x64
		{6BEE76CE-1EE0-4FE1-A88C-F18AE45FF9BF}.Release Static|Any CPU.Build.0 = Release Static|x64
		{6BEE76CE-1EE0-4FE1-A88C-F18AE45FF9BF}.Release Static|x64.ActiveCfg = Release Static|x64
		{6BEE76CE-1EE0-4FE1-A88C-F18AE45FF9BF}.Release Static|x64.Build.0 = Release Static|x64
		{6BEE76CE-1EE0-4FE1-A88C-F18AE45FF9BF}.Release Static|x86.ActiveCfg = Release Static|Win32
		{6BEE76CE-1EE0-4FE1-A88C-F18AE45FF9BF}.Release Static|x86.Build.0 = Release Static|Win32
		{6BEE76CE-1EE0-4FE1-A88C-F18AE45FF9BF}.Release|Any CPU.ActiveCfg = Release|x64
		{6BEE76CE-1EE0-4FE1-A88C-F18AE45FF9BF}.Release|Any CPU.Build.0 = Release|x64
		{6BEE76CE-1EE0-4FE1-A88C-F18AE45FF9BF}.Release|x64.ActiveCfg = Release|x64
		{6BEE76CE-1EE0-4FE1-A88C-F18AE45FF9BF}.Release|x64.Build.0 = Release|x64
		{6BEE76CE-1EE0-4FE1-A88C-F18AE45FF9BF}.Release|x86.ActiveCfg = Release|Win32
		{6BEE76CE-1EE0-4FE1-A88C-F18AE45FF9BF}.Release|x86.Build.0 = Release|Win32
		{CF62610A-3667-40BD-8E11-30103DAA6EC0}.Bootstrap|Any CPU.ActiveCfg = Debug|x64
		{CF62610A-3667-40BD-8E11-30103DAA6EC0}.Bootstrap|Any CPU.Build.0 = Debug|x64
		{CF62610A-3667-40BD-8E11-30103DAA6EC0}.Bootstrap|x64.ActiveCfg = Debug|x64
		{CF62610A-3667-40BD-8E11-30103DAA6EC0}.Bootstrap|x64.Build.0 = Debug|x64
		{CF62610A-3667-40BD-8E11-30103DAA6EC0}.Bootstrap|x86.ActiveCfg = Debug|Win32
		{CF62610A-3667-40BD-8E11-30103DAA6EC0}.Bootstrap|x86.Build.0 = Debug|Win32
		{CF62610A-3667-40BD-8E11-30103DAA6EC0}.Debug Static|Any CPU.ActiveCfg = Debug|x64
		{CF62610A-3667-40BD-8E11-30103DAA6EC0}.Debug Static|Any CPU.Build.0 = Debug|x64
		{CF62610A-3667-40BD-8E11-30103DAA6EC0}.Debug Static|x64.ActiveCfg = Debug|x64
		{CF62610A-3667-40BD-8E11-30103DAA6EC0}.Debug Static|x64.Build.0 = Debug|x64
		{CF62610A-3667-40BD-8E11-30103DAA6EC0}.Debug Static|x86.ActiveCfg = Debug|Win32
		{CF62610A-3667-40BD-8E11-30103DAA6EC0}.Debug Static|x86.Build.0 = Debug|Win32
		{CF62610A-3667-40BD-8E11-30103DAA6EC0}.Debug|Any CPU.ActiveCfg = Debug|x64
		{CF62610A-3667-40BD-8E11-30103DAA6EC0}.Debug|Any CPU.Build.0 = Debug|x64
		{CF62610A-3667-40BD-8E11-30103DAA6EC0}.Debug|x64.ActiveCfg = Debug|x64
		{CF62610A-3667-40BD-8E11-30103DAA6EC0}.Debug|x64.Build.0 = Debug|x64
		{CF62610A-3667-40BD-8E11-30103DAA6EC0}.Debug|x86.ActiveCfg = Debug|Win32
		{CF62610A-3667-40BD-8E11-30103DAA6EC0}.Debug|x86.Build.0 = Debug|Win32
		{CF62610A-3667-40BD-8E11-30103DAA6EC0}.Release Static|Any CPU.ActiveCfg = Release|x64
		{CF62610A-3667-40BD-8E11-30103DAA6EC0}.Release Static|Any CPU.Build.0 = Release|x64
		{CF62610A-3667-40BD-8E11-30103DAA6EC0}.Release Static|x64.ActiveCfg = Release|x64
		{CF62610A-3667-40BD-8E11-30103DAA6EC0}.Release Static|x64.Build.0 = Release|x64
		{CF62610A-3667-40BD-8E11-30103DAA6EC0}.Release Static|x86.ActiveCfg = Release|Win32
		{CF62610A-3667-40BD-8E11-30103DAA6EC0}.Release Static|x86.Build.0 = Release|Win32
		{CF62610A-3667-40BD-8E11-30103DAA6EC0}.Release|Any CPU.ActiveCfg = Release|x64
		{CF62610A-3667-40BD-8E11-30103DAA6EC0}.Release|Any CPU.Build.0 = Release|x64
		{CF62610A-3667-40BD-8E11-30103DAA6EC0}.Release|x64.ActiveCfg = Release|x64
		{CF62610A-3667-40BD-8E11-30103DAA6EC0}.Release|x64.Build.0 = Release|x64
		{CF62610A-3667-40BD-8E11-30103DAA6EC0}.Release|x86.ActiveCfg = Release|Win32
		{CF62610A-3667-40BD-8E11-30103DAA6EC0}.Release|x86.Build.0 = Release|Win32
		{3E55E33C-4834-4D0A-A998-1A33A6B91B74}.Bootstrap|Any CPU.ActiveCfg = Debug|x64
		{3E55E33C-4834-4D0A-A998-1A33A6B91B74}.Bootstrap|Any CPU.Build.0 = Debug|x64
		{3E55E33C-4834-4D0A-A998-1A33A6B91B74}.Bootstrap|x64.ActiveCfg = Debug|x64
		{3E55E33C-4834-4D0A-A998-1A33A6B91B74}.Bootstrap|x64.Build.0 = Debug|x64
		{3E55E33C-4834-4D0A-A998-1A33A6B91B74}.Bootstrap|x86.ActiveCfg = Debug Static|Win32
		{3E55E33C-4834-4D0A-A998-1A33A6B91B74}.Bootstrap|x86.Build.0 = Debug Static|Win32
		{3E55E33C-4834-4D0A-A998-1A33A6B91B74}.Debug Static|Any CPU.ActiveCfg = Debug Static|x64
		{3E55E33C-4834-4D0A-A998-1A33A6B91B74}.Debug Static|Any CPU.Build.0 = Debug Static|x64
		{3E55E33C-4834-4D0A-A998-1A33A6B91B74}.Debug Static|x64.ActiveCfg = Debug Static|x64
		{3E55E33C-4834-4D0A-A998-1A33A6B91B74}.Debug Static|x64.Build.0 = Debug Static|x64
		{3E55E33C-4834-4D0A-A998-1A33A6B91B74}.Debug Static|x86.ActiveCfg = Debug Static|Win32
		{3E55E33C-4834-4D0A-A998-1A33A6B91B74}.Debug Static|x86.Build.0 = Debug Static|Win32
		{3E55E33C-4834-4D0A-A998-1A33A6B91B74}.Debug|Any CPU.ActiveCfg = Debug|x64
		{3E55E33C-4834-4D0A-A998-1A33A6B91B74}.Debug|Any CPU.Build.0 = Debug|x64
		{3E55E33C-4834-4D0A-A998-1A33A6B91B74}.Debug|x64.ActiveCfg = Debug|x64
		{3E55E33C-4834-4D0A-A998-1A33A6B91B74}.Debug|x64.Build.0 = Debug|x64
		{3E55E33C-4834-4D0A-A998-1A33A6B91B74}.Debug|x86.ActiveCfg = Debug|Win32
		{3E55E33C-4834-4D0A-A998-1A33A6B91B74}.Debug|x86.Build.0 = Debug|Win32
		{3E55E33C-4834-4D0A-A998-1A33A6B91B74}.Release Static|Any CPU.ActiveCfg = Release Static|x64
		{3E55E33C-4834-4D0A-A998-1A33A6B91B74}.Release Static|Any CPU.Build.0 = Release Static|x64
		{3E55E33C-4834-4D0A-A998-1A33A6B91B74}.Release Static|x64.ActiveCfg = Release Static|x64
		{3E55E33C-4834-4D0A-A998-1A33A6B91B74}.Release Static|x64.Build.0 = Release Static|x64
		{3E55E33C-4834-4D0A-A998-1A33A6B91B74}.Release Static|x86.ActiveCfg = Release Static|Win32
		{3E55E33C-4834-4D0A-A998-1A33A6B91B74}.Release Static|x86.Build.0 = Release Static|Win32
		{3E55E33C-4834-4D0A-A998-1A33A6B91B74}.Release|Any CPU.ActiveCfg = Release|x64
		{3E55E33C-4834-4D0A-A998-1A33A6B91B74}.Release|Any CPU.Build.0 = Release|x64
		{3E55E33C-4834-4D0A-A998-1A33A6B91B74}.Release|x64.ActiveCfg = Release|x64
		{3E55E33C-4834-4D0A-A998-1A33A6B91B74}.Release|x64.Build.0 = Release|x64
		{3E55E33C-4834-4D0A-A998-1A33A6B91B74}.Release|x86.ActiveCfg = Release|Win32
		{3E55E33C-4834-4D0A-A998-1A33A6B91B74}.Release|x86.Build.0 = Release|Win32
		{2A7E4B4A-53C1-3043-AA3C-5DA2FF7E5411}.Bootstrap|Any CPU.ActiveCfg = Debug|x64
		{2A7E4B4A-53C1-3043-AA3C-5DA2FF7E5411}.Bootstrap|x64.ActiveCfg = Debug|x64
		{2A7E4B4A-53C1-3043-AA3C-5DA2FF7E5411}.Bootstrap|x86.ActiveCfg = Debug|x64
		{2A7E4B4A-53C1-3043-AA3C-5DA2FF7E5411}.Debug Static|Any CPU.ActiveCfg = Debug|x64
		{2A7E4B4A-53C1-3043-AA3C-5DA2FF7E5411}.Debug Static|Any CPU.Build.0 = Debug|x64
		{2A7E4B4A-53C1-3043-AA3C-5DA2FF7E5411}.Debug Static|x64.ActiveCfg = Debug|x64
		{2A7E4B4A-53C1-3043-AA3C-5DA2FF7E5411}.Debug Static|x64.Build.0 = Debug|x64
		{2A7E4B4A-53C1-3043-AA3C-5DA2FF7E5411}.Debug Static|x86.ActiveCfg = Debug|x64
		{2A7E4B4A-53C1-3043-AA3C-5DA2FF7E5411}.Debug Static|x86.Build.0 = Debug|x64
		{2A7E4B4A-53C1-3043-AA3C-5DA2FF7E5411}.Debug|Any CPU.ActiveCfg = Debug|x64
		{2A7E4B4A-53C1-3043-AA3C-5DA2FF7E5411}.Debug|Any CPU.Build.0 = Debug|x64
		{2A7E4B4A-53C1-3043-AA3C-5DA2FF7E5411}.Debug|x64.ActiveCfg = Debug|x64
		{2A7E4B4A-53C1-3043-AA3C-5DA2FF7E5411}.Debug|x64.Build.0 = Debug|x64
		{2A7E4B4A-53C1-3043-AA3C-5DA2FF7E5411}.Debug|x86.ActiveCfg = Debug|x64
		{2A7E4B4A-53C1-3043-AA3C-5DA2FF7E5411}.Debug|x86.Build.0 = Debug|x64
		{2A7E4B4A-53C1-3043-AA3C-5DA2FF7E5411}.Release Static|Any CPU.ActiveCfg = Release|x64
		{2A7E4B4A-53C1-3043-AA3C-5DA2FF7E5411}.Release Static|Any CPU.Build.0 = Release|x64
		{2A7E4B4A-53C1-3043-AA3C-5DA2FF7E5411}.Release Static|x64.ActiveCfg = Release|x64
		{2A7E4B4A-53C1-3043-AA3C-5DA2FF7E5411}.Release Static|x86.ActiveCfg = Release|x64
		{2A7E4B4A-53C1-3043-AA3C-5DA2FF7E5411}.Release|Any CPU.ActiveCfg = Release|x64
		{2A7E4B4A-53C1-3043-AA3C-5DA2FF7E5411}.Release|Any CPU.Build.0 = Release|x64
		{2A7E4B4A-53C1-3043-AA3C-5DA2FF7E5411}.Release|x64.ActiveCfg = Release|x64
		{2A7E4B4A-53C1-3043-AA3C-5DA2FF7E5411}.Release|x64.Build.0 = Release|x64
		{2A7E4B4A-53C1-3043-AA3C-5DA2FF7E5411}.Release|x86.ActiveCfg = Release|x64
		{2A7E4B4A-53C1-3043-AA3C-5DA2FF7E5411}.Release|x86.Build.0 = Release|x64
	EndGlobalSection
	GlobalSection(SolutionProperties) = preSolution
		HideSolutionNode = FALSE
	EndGlobalSection
	GlobalSection(NestedProjects) = preSolution
		{136FFCEA-63D5-4756-9B1A-7734745AF3DD} = {EF4A097B-75FB-421C-B66E-E411BE29A4CA}
		{B62D9315-9F28-4187-83CE-9E7DF7586870} = {4E2B1180-74AF-4192-94FE-766EB5179074}
		{86949A13-6C13-486F-BE44-835C3A02C685} = {4E2B1180-74AF-4192-94FE-766EB5179074}
		{FF33ED36-AD2A-365E-AC51-0193D006DAD9} = {EF4A097B-75FB-421C-B66E-E411BE29A4CA}
		{65B87D08-3CBD-450C-969A-1D12D438982B} = {294EDC34-AA56-40BE-9164-BB662F528E8F}
		{4F14A8FF-E30D-411E-9986-F5D8FA3867F4} = {4E2B1180-74AF-4192-94FE-766EB5179074}
		{9995927B-2AD8-315B-9242-D4485C94F040} = {EF4A097B-75FB-421C-B66E-E411BE29A4CA}
		{79B93CA5-6C17-3E03-8BD3-89E00F980594} = {EF4A097B-75FB-421C-B66E-E411BE29A4CA}
		{07634C8F-D3BF-37DD-B8B7-EA2301F133B2} = {EF4A097B-75FB-421C-B66E-E411BE29A4CA}
		{65A60F8B-6615-4B8F-879A-4E950756E7FD} = {EF4A097B-75FB-421C-B66E-E411BE29A4CA}
		{6BEE76CE-1EE0-4FE1-A88C-F18AE45FF9BF} = {EF4A097B-75FB-421C-B66E-E411BE29A4CA}
		{CF62610A-3667-40BD-8E11-30103DAA6EC0} = {EF4A097B-75FB-421C-B66E-E411BE29A4CA}
		{3E55E33C-4834-4D0A-A998-1A33A6B91B74} = {EF4A097B-75FB-421C-B66E-E411BE29A4CA}
		{2A7E4B4A-53C1-3043-AA3C-5DA2FF7E5411} = {EF4A097B-75FB-421C-B66E-E411BE29A4CA}
	EndGlobalSection
	GlobalSection(ExtensibilityGlobals) = postSolution
		SolutionGuid = {2F101180-AF31-41BB-92BB-C1A3AB6DAB41}
	EndGlobalSection
EndGlobal
