<?xml version="1.0" encoding="utf-8"?>
<Project ToolsVersion="4.0" xmlns="http://schemas.microsoft.com/developer/msbuild/2003">
  <ItemGroup>
    <Filter Include="Source Files">
      <UniqueIdentifier>{4FC737F1-C7A5-4376-A066-2A32D752A2FF}</UniqueIdentifier>
      <Extensions>cpp;c;cc;cxx;def;odl;idl;hpj;bat;asm;asmx</Extensions>
    </Filter>
    <Filter Include="Header Files">
      <UniqueIdentifier>{93995380-89BD-4b04-88EB-625FBE52EBFB}</UniqueIdentifier>
      <Extensions>h;hh;hpp;hxx;hm;inl;inc;ipp;xsd</Extensions>
    </Filter>
    <Filter Include="Resource Files">
      <UniqueIdentifier>{67DA6AB6-F800-4c08-8B7A-83BB121AAD01}</UniqueIdentifier>
      <Extensions>rc;ico;cur;bmp;dlg;rc2;rct;bin;rgs;gif;jpg;jpeg;jpe;resx;tiff;tif;png;wav;mfcribbon-ms</Extensions>
    </Filter>
    <Filter Include="Header Files\Public">
      <UniqueIdentifier>{9ac8b90f-034a-4e4e-b384-e96d855cb7a7}</UniqueIdentifier>
    </Filter>
    <Filter Include="Header Files\Private">
      <UniqueIdentifier>{aff02508-dde9-4b36-998a-c6644c07d0b1}</UniqueIdentifier>
    </Filter>
  </ItemGroup>
  <ItemGroup>
    <ClCompile Include="Source\C3MatrixStackImpl.cpp">
      <Filter>Source Files</Filter>
    </ClCompile>
    <ClCompile Include="Source\C3RendererImpl.cpp">
      <Filter>Source Files</Filter>
    </ClCompile>
    <ClCompile Include="Source\C3SystemImpl.cpp">
      <Filter>Source Files</Filter>
    </ClCompile>
    <ClCompile Include="Source\dllmain.cpp">
      <Filter>Source Files</Filter>
    </ClCompile>
    <ClCompile Include="Source\gl_wrapper.cpp">
      <Filter>Source Files</Filter>
    </ClCompile>
    <ClCompile Include="Source\pch.cpp">
      <Filter>Source Files</Filter>
    </ClCompile>
    <ClCompile Include="Source\C3VertexBufferImpl.cpp">
      <Filter>Source Files</Filter>
    </ClCompile>
    <ClCompile Include="Source\C3IndexBufferImpl.cpp">
      <Filter>Source Files</Filter>
    </ClCompile>
    <ClCompile Include="Source\C3ShaderProgramImpl.cpp">
      <Filter>Source Files</Filter>
    </ClCompile>
    <ClCompile Include="Source\C3ShaderComponentImpl.cpp">
      <Filter>Source Files</Filter>
    </ClCompile>
    <ClCompile Include="Source\C3DepthBufferImpl.cpp">
      <Filter>Source Files</Filter>
    </ClCompile>
    <ClCompile Include="Source\C3FrameBufferImpl.cpp">
      <Filter>Source Files</Filter>
    </ClCompile>
    <ClCompile Include="Source\C3TextureImpl.cpp">
      <Filter>Source Files</Filter>
    </ClCompile>
    <ClCompile Include="$(SolutionDir)third-party\tinyxml2\tinyxml2.cpp">
      <Filter>Source Files</Filter>
    </ClCompile>
    <ClCompile Include="Source\C3LogImpl.cpp">
      <Filter>Source Files</Filter>
    </ClCompile>
    <ClCompile Include="Source\C3FactoryImpl.cpp">
      <Filter>Source Files</Filter>
    </ClCompile>
    <ClCompile Include="Source\C3PrototypeImpl.cpp">
      <Filter>Source Files</Filter>
    </ClCompile>
    <ClCompile Include="Source\C3ObjectImpl.cpp">
      <Filter>Source Files</Filter>
    </ClCompile>
    <ClCompile Include="Source\C3MeshImpl.cpp">
      <Filter>Source Files</Filter>
    </ClCompile>
    <ClCompile Include="Source\C3PositionableImpl.cpp">
      <Filter>Source Files</Filter>
    </ClCompile>
    <ClCompile Include="Source\C3CameraImpl.cpp">
      <Filter>Source Files</Filter>
    </ClCompile>
    <ClCompile Include="Source\C3PluginManagerImpl.cpp">
      <Filter>Source Files</Filter>
    </ClCompile>
    <ClCompile Include="Source\C3PluginImpl.cpp">
      <Filter>Source Files</Filter>
    </ClCompile>
    <ClCompile Include="Source\C3ConfigurationImpl.cpp">
      <Filter>Source Files</Filter>
    </ClCompile>
    <ClCompile Include="Source\C3FileMapperImpl.cpp">
      <Filter>Source Files</Filter>
    </ClCompile>
    <ClCompile Include="Source\C3ResourceManagerImpl.cpp">
      <Filter>Source Files</Filter>
    </ClCompile>
    <ClCompile Include="third-party\imgui\imgui.cpp">
      <Filter>Source Files</Filter>
    </ClCompile>
    <ClCompile Include="third-party\imgui\imgui_draw.cpp">
      <Filter>Source Files</Filter>
    </ClCompile>
    <ClCompile Include="third-party\imgui\imgui_widgets.cpp">
      <Filter>Source Files</Filter>
    </ClCompile>
    <ClCompile Include="Source\C3GuiImpl.cpp">
      <Filter>Source Files</Filter>
    </ClCompile>
    <ClCompile Include="Source\C3ModelRendererImpl.cpp">
      <Filter>Source Files</Filter>
    </ClCompile>
    <ClCompile Include="Source\C3ModelImpl.cpp">
      <Filter>Source Files</Filter>
    </ClCompile>
    <ClCompile Include="Source\C3CRC.cpp">
      <Filter>Source Files</Filter>
    </ClCompile>
    <ClCompile Include="Source\C3Math.cpp">
      <Filter>Source Files</Filter>
    </ClCompile>
    <ClCompile Include="Source\C3PublisherImpl.cpp">
      <Filter>Source Files</Filter>
    </ClCompile>
    <ClCompile Include="Source\C3SubscriptionImpl.cpp">
      <Filter>Source Files</Filter>
    </ClCompile>
    <ClCompile Include="Source\C3ShaderBuilderImpl.cpp">
      <Filter>Source Files</Filter>
    </ClCompile>
    <ClCompile Include="Source\C3MaterialManagerImpl.cpp">
      <Filter>Source Files</Filter>
    </ClCompile>
    <ClCompile Include="Source\C3MaterialImpl.cpp">
      <Filter>Source Files</Filter>
    </ClCompile>
    <ClCompile Include="Source\C3OmniLightImpl.cpp">
      <Filter>Source Files</Filter>
    </ClCompile>
    <ClCompile Include="Source\C3ResourceImpl.cpp">
      <Filter>Source Files</Filter>
    </ClCompile>
    <ClCompile Include="Source\C3BoundingBoxImpl.cpp">
      <Filter>Source Files</Filter>
    </ClCompile>
    <ClCompile Include="Source\C3EnvironmentModifierImpl.cpp">
      <Filter>Source Files</Filter>
    </ClCompile>
    <ClCompile Include="third-party\imgui\imgui.cpp">
      <Filter>Source Files</Filter>
    </ClCompile>
    <ClCompile Include="third-party\imgui\imgui_draw.cpp">
      <Filter>Source Files</Filter>
    </ClCompile>
    <ClCompile Include="third-party\imgui\imgui_widgets.cpp">
      <Filter>Source Files</Filter>
    </ClCompile>
  </ItemGroup>
  <ItemGroup>
    <ClInclude Include="Include\C3FrameBuffer.h">
      <Filter>Header Files\Public</Filter>
    </ClInclude>
    <ClInclude Include="Include\C3IndexBuffer.h">
      <Filter>Header Files\Public</Filter>
    </ClInclude>
    <ClInclude Include="Include\C3MatrixStack.h">
      <Filter>Header Files\Public</Filter>
    </ClInclude>
    <ClInclude Include="Source\C3MatrixStackImpl.h">
      <Filter>Header Files\Private</Filter>
    </ClInclude>
    <ClInclude Include="Include\C3Renderer.h">
      <Filter>Header Files\Public</Filter>
    </ClInclude>
    <ClInclude Include="Source\C3RendererImpl.h">
      <Filter>Header Files\Private</Filter>
    </ClInclude>
    <ClInclude Include="Include\C3System.h">
      <Filter>Header Files\Public</Filter>
    </ClInclude>
    <ClInclude Include="Source\C3SystemImpl.h">
      <Filter>Header Files\Private</Filter>
    </ClInclude>
    <ClInclude Include="Include\C3Texture.h">
      <Filter>Header Files\Public</Filter>
    </ClInclude>
    <ClInclude Include="Include\C3VertexBuffer.h">
      <Filter>Header Files\Public</Filter>
    </ClInclude>
    <ClInclude Include="Source\gl.h">
      <Filter>Header Files\Private</Filter>
    </ClInclude>
    <ClInclude Include="Source\gl_wrapper.h">
      <Filter>Header Files\Private</Filter>
    </ClInclude>
    <ClInclude Include="Source\glext.h">
      <Filter>Header Files\Private</Filter>
    </ClInclude>
    <ClInclude Include="Source\pch.h">
      <Filter>Header Files\Private</Filter>
    </ClInclude>
    <ClInclude Include="Source\C3VertexBufferImpl.h">
      <Filter>Header Files\Private</Filter>
    </ClInclude>
    <ClInclude Include="Source\C3IndexBufferImpl.h">
      <Filter>Header Files\Private</Filter>
    </ClInclude>
    <ClInclude Include="Source\C3ShaderComponentImpl.h">
      <Filter>Header Files\Private</Filter>
    </ClInclude>
    <ClInclude Include="Source\C3ShaderProgramImpl.h">
      <Filter>Header Files\Private</Filter>
    </ClInclude>
    <ClInclude Include="Include\C3ShaderProgram.h">
      <Filter>Header Files\Public</Filter>
    </ClInclude>
    <ClInclude Include="Include\C3ShaderComponent.h">
      <Filter>Header Files\Public</Filter>
    </ClInclude>
    <ClInclude Include="Include\C3DepthBuffer.h">
      <Filter>Header Files\Public</Filter>
    </ClInclude>
    <ClInclude Include="Source\C3DepthBufferImpl.h">
      <Filter>Header Files\Private</Filter>
    </ClInclude>
    <ClInclude Include="Source\C3FrameBufferImpl.h">
      <Filter>Header Files\Private</Filter>
    </ClInclude>
    <ClInclude Include="Source\C3TextureImpl.h">
      <Filter>Header Files\Private</Filter>
    </ClInclude>
    <ClInclude Include="$(SolutionDir)third-party\tinyxml2\tinyxml2.h">
      <Filter>Header Files\Private</Filter>
    </ClInclude>
    <ClInclude Include="Include\C3Log.h">
      <Filter>Header Files\Public</Filter>
    </ClInclude>
    <ClInclude Include="Source\C3LogImpl.h">
      <Filter>Header Files\Private</Filter>
    </ClInclude>
    <ClInclude Include="Include\C3Factory.h">
      <Filter>Header Files\Public</Filter>
    </ClInclude>
    <ClInclude Include="Include\C3Object.h">
      <Filter>Header Files\Public</Filter>
    </ClInclude>
    <ClInclude Include="Include\C3Prototype.h">
      <Filter>Header Files</Filter>
    </ClInclude>
    <ClInclude Include="Source\C3FactoryImpl.h">
      <Filter>Header Files</Filter>
    </ClInclude>
    <ClInclude Include="Source\C3PrototypeImpl.h">
      <Filter>Header Files</Filter>
    </ClInclude>
    <ClInclude Include="Source\C3ObjectImpl.h">
      <Filter>Header Files</Filter>
    </ClInclude>
    <ClInclude Include="Include\C3Mesh.h">
      <Filter>Header Files</Filter>
    </ClInclude>
    <ClInclude Include="Source\C3MeshImpl.h">
      <Filter>Header Files</Filter>
    </ClInclude>
    <ClInclude Include="Include\C3Positionable.h">
      <Filter>Header Files</Filter>
    </ClInclude>
    <ClInclude Include="Source\C3PositionableImpl.h">
      <Filter>Header Files</Filter>
    </ClInclude>
    <ClInclude Include="Include\C3Camera.h">
      <Filter>Header Files</Filter>
    </ClInclude>
    <ClInclude Include="Source\C3CameraImpl.h">
      <Filter>Header Files</Filter>
    </ClInclude>
    <ClInclude Include="Include\C3ResourceManager.h">
      <Filter>Header Files</Filter>
    </ClInclude>
    <ClInclude Include="Include\C3Resource.h">
      <Filter>Header Files</Filter>
    </ClInclude>
    <ClInclude Include="Include\C3Plugin.h">
      <Filter>Header Files</Filter>
    </ClInclude>
    <ClInclude Include="Include\C3PluginManager.h">
      <Filter>Header Files</Filter>
    </ClInclude>
    <ClInclude Include="Source\C3PluginManagerImpl.h">
      <Filter>Header Files</Filter>
    </ClInclude>
    <ClInclude Include="Source\C3PluginImpl.h">
      <Filter>Header Files</Filter>
    </ClInclude>
    <ClInclude Include="Include\C3Configuration.h">
      <Filter>Header Files</Filter>
    </ClInclude>
    <ClInclude Include="Source\C3ConfigurationImpl.h">
      <Filter>Header Files</Filter>
    </ClInclude>
    <ClInclude Include="Source\C3FileMapperImpl.h">
      <Filter>Header Files</Filter>
    </ClInclude>
    <ClInclude Include="Include\C3FileMapper.h">
      <Filter>Header Files</Filter>
    </ClInclude>
    <ClInclude Include="Source\C3ResourceManagerImpl.h">
      <Filter>Header Files</Filter>
    </ClInclude>
    <ClInclude Include="Source\C3ResourceImpl.h">
      <Filter>Header Files</Filter>
    </ClInclude>
    <ClInclude Include="third-party\imgui\imgui.h">
      <Filter>Header Files</Filter>
    </ClInclude>
    <ClInclude Include="third-party\imgui\imgui_internal.h">
      <Filter>Header Files</Filter>
    </ClInclude>
    <ClInclude Include="third-party\imgui\imstb_truetype.h">
      <Filter>Header Files</Filter>
    </ClInclude>
    <ClInclude Include="third-party\imgui\imstb_textedit.h">
      <Filter>Header Files</Filter>
    </ClInclude>
    <ClInclude Include="third-party\imgui\imstb_rectpack.h">
      <Filter>Header Files</Filter>
    </ClInclude>
    <ClInclude Include="Source\C3ImGuiConfig.h">
      <Filter>Header Files</Filter>
    </ClInclude>
    <ClInclude Include="Include\C3Gui.h">
      <Filter>Header Files</Filter>
    </ClInclude>
    <ClInclude Include="Source\C3GuiImpl.h">
      <Filter>Header Files</Filter>
    </ClInclude>
    <ClInclude Include="Include\C3Model.h">
      <Filter>Header Files</Filter>
    </ClInclude>
    <ClInclude Include="Include\C3Material.h">
      <Filter>Header Files</Filter>
    </ClInclude>
    <ClInclude Include="Include\C3ModelRenderer.h">
      <Filter>Header Files</Filter>
    </ClInclude>
    <ClInclude Include="Source\C3ModelRendererImpl.h">
      <Filter>Header Files</Filter>
    </ClInclude>
    <ClInclude Include="Source\C3ModelImpl.h">
      <Filter>Header Files</Filter>
    </ClInclude>
    <ClInclude Include="Include\C3Component.h">
      <Filter>Header Files</Filter>
    </ClInclude>
    <ClInclude Include="Include\C3CRC.h">
      <Filter>Header Files</Filter>
    </ClInclude>
    <ClInclude Include="Include\C3Math.h">
      <Filter>Header Files</Filter>
    </ClInclude>
    <ClInclude Include="Source\C3PublisherImpl.h">
      <Filter>Header Files</Filter>
    </ClInclude>
    <ClInclude Include="Source\C3SubscriptionImpl.h">
      <Filter>Header Files</Filter>
    </ClInclude>
    <ClInclude Include="Include\C3Publisher.h">
      <Filter>Header Files</Filter>
    </ClInclude>
    <ClInclude Include="Include\C3Subscription.h">
      <Filter>Header Files</Filter>
    </ClInclude>
    <ClInclude Include="Source\C3MaterialImpl.h">
      <Filter>Header Files</Filter>
    </ClInclude>
    <ClInclude Include="Source\C3ShaderBuilderImpl.h">
      <Filter>Header Files</Filter>
    </ClInclude>
    <ClInclude Include="Include\C3MaterialManager.h">
      <Filter>Header Files</Filter>
    </ClInclude>
    <ClInclude Include="Source\C3MaterialManagerImpl.h">
      <Filter>Header Files</Filter>
    </ClInclude>
    <ClInclude Include="Include\C3ColorDefs.h">
      <Filter>Header Files</Filter>
    </ClInclude>
    <ClInclude Include="Include\C3CommonVertexDefs.h">
      <Filter>Header Files</Filter>
    </ClInclude>
    <ClInclude Include="Include\C3OmniLight.h">
      <Filter>Header Files</Filter>
    </ClInclude>
    <ClInclude Include="Source\C3OmniLightImpl.h">
      <Filter>Header Files</Filter>
    </ClInclude>
    <ClInclude Include="Include\C3FlowNode.h">
      <Filter>Header Files</Filter>
    </ClInclude>
    <ClInclude Include="Include\C3FlowGraph.h">
      <Filter>Header Files</Filter>
    </ClInclude>
    <ClInclude Include="Include\C3TString.h">
      <Filter>Header Files</Filter>
    </ClInclude>
    <ClInclude Include="Include\C3.h">
      <Filter>Header Files</Filter>
    </ClInclude>
    <ClInclude Include="Include\C3BoundingBox.h">
      <Filter>Header Files</Filter>
    </ClInclude>
    <ClInclude Include="Source\C3BoundingBoxImpl.h">
      <Filter>Header Files</Filter>
    </ClInclude>
    <ClInclude Include="Include\C3EnvironmentModifier.h">
      <Filter>Header Files</Filter>
    </ClInclude>
    <ClInclude Include="Source\C3EnvironmentModifierImpl.h">
      <Filter>Header Files</Filter>
    </ClInclude>
    <ClInclude Include="third-party\imgui\imgui.h">
      <Filter>Header Files</Filter>
    </ClInclude>
    <ClInclude Include="Source\Header.h">
      <Filter>Header Files</Filter>
    </ClInclude>
    <ClInclude Include="Source\wglext.h">
      <Filter>Header Files\Private</Filter>
    </ClInclude>
  </ItemGroup>
  <ItemGroup>
    <ResourceCompile Include="Source\Celerity.rc">
      <Filter>Resource Files</Filter>
    </ResourceCompile>
  </ItemGroup>
  <ItemGroup>
    <Image Include="Source\c3splash2.png">
      <Filter>Resource Files</Filter>
    </Image>
    <Image Include="Source\c3splash.png">
      <Filter>Resource Files</Filter>
    </Image>
  </ItemGroup>
</Project>