
Microsoft Visual Studio Solution File, Format Version 12.00
# Visual Studio Version 16
VisualStudioVersion = 16.0.29509.3
MinimumVisualStudioVersion = 10.0.40219.1
Project("{8BC9CEB8-8B4A-11D0-8D11-00A0C91BC942}") = "Celerity", "Celerity3.vcxproj", "{6D28A84B-C7D5-402B-BE1D-79C7E9036748}"
	ProjectSection(ProjectDependencies) = postProject
		{CF62610A-3667-40BD-8E11-30103DAA6EC0} = {CF62610A-3667-40BD-8E11-30103DAA6EC0}
		{FF33ED36-AD2A-365E-AC51-0193D006DAD9} = {FF33ED36-AD2A-365E-AC51-0193D006DAD9}
		{3E55E33C-4834-4D0A-A998-1A33A6B91B74} = {3E55E33C-4834-4D0A-A998-1A33A6B91B74}
		{65A60F8B-6615-4B8F-879A-4E950756E7FD} = {65A60F8B-6615-4B8F-879A-4E950756E7FD}
		{6BEE76CE-1EE0-4FE1-A88C-F18AE45FF9BF} = {6BEE76CE-1EE0-4FE1-A88C-F18AE45FF9BF}
		{136FFCEA-63D5-4756-9B1A-7734745AF3DD} = {136FFCEA-63D5-4756-9B1A-7734745AF3DD}
	EndProjectSection
EndProject
Project("{2150E333-8FDC-42A3-9474-1A3956D46DE8}") = "third-party", "third-party", "{EF4A097B-75FB-421C-B66E-E411BE29A4CA}"
EndProject
Project("{8BC9CEB8-8B4A-11D0-8D11-00A0C91BC942}") = "PowerProps", "third-party\PowerProps\PowerProps.vcxproj", "{6BEE76CE-1EE0-4FE1-A88C-F18AE45FF9BF}"
	ProjectSection(ProjectDependencies) = postProject
		{3E55E33C-4834-4D0A-A998-1A33A6B91B74} = {3E55E33C-4834-4D0A-A998-1A33A6B91B74}
	EndProjectSection
EndProject
Project("{8BC9CEB8-8B4A-11D0-8D11-00A0C91BC942}") = "Pool", "third-party\Pool\Pool.vcxproj", "{65A60F8B-6615-4B8F-879A-4E950756E7FD}"
EndProject
Project("{8BC9CEB8-8B4A-11D0-8D11-00A0C91BC942}") = "mqme", "third-party\mqme\mqme.vcxproj", "{CF62610A-3667-40BD-8E11-30103DAA6EC0}"
	ProjectSection(ProjectDependencies) = postProject
		{65A60F8B-6615-4B8F-879A-4E950756E7FD} = {65A60F8B-6615-4B8F-879A-4E950756E7FD}
	EndProjectSection
EndProject
Project("{8BC9CEB8-8B4A-11D0-8D11-00A0C91BC942}") = "GenIO", "third-party\GenIO\GenIO.vcxproj", "{3E55E33C-4834-4D0A-A998-1A33A6B91B74}"
EndProject
Project("{8BC9CEB8-8B4A-11D0-8D11-00A0C91BC942}") = "GLlibgen", "third-party\GLlibgen\GLlibgen.vcxproj", "{136FFCEA-63D5-4756-9B1A-7734745AF3DD}"
EndProject
Project("{2150E333-8FDC-42A3-9474-1A3956D46DE8}") = "Applications", "Applications", "{4E2B1180-74AF-4192-94FE-766EB5179074}"
EndProject
Project("{2150E333-8FDC-42A3-9474-1A3956D46DE8}") = "Plug-ins", "Plug-ins", "{294EDC34-AA56-40BE-9164-BB662F528E8F}"
EndProject
Project("{8BC9CEB8-8B4A-11D0-8D11-00A0C91BC942}") = "C3App", "Applications\C3App\C3App.vcxproj", "{B62D9315-9F28-4187-83CE-9E7DF7586870}"
	ProjectSection(ProjectDependencies) = postProject
		{CF62610A-3667-40BD-8E11-30103DAA6EC0} = {CF62610A-3667-40BD-8E11-30103DAA6EC0}
		{3E55E33C-4834-4D0A-A998-1A33A6B91B74} = {3E55E33C-4834-4D0A-A998-1A33A6B91B74}
		{6D28A84B-C7D5-402B-BE1D-79C7E9036748} = {6D28A84B-C7D5-402B-BE1D-79C7E9036748}
		{65A60F8B-6615-4B8F-879A-4E950756E7FD} = {65A60F8B-6615-4B8F-879A-4E950756E7FD}
		{6BEE76CE-1EE0-4FE1-A88C-F18AE45FF9BF} = {6BEE76CE-1EE0-4FE1-A88C-F18AE45FF9BF}
	EndProjectSection
EndProject
Project("{8BC9CEB8-8B4A-11D0-8D11-00A0C91BC942}") = "Celedit3", "Applications\Celedit3\Celedit3.vcxproj", "{74FB1F3D-F3FF-479A-9316-1D0D41C26C7B}"
	ProjectSection(ProjectDependencies) = postProject
		{FF33ED36-AD2A-365E-AC51-0193D006DAD9} = {FF33ED36-AD2A-365E-AC51-0193D006DAD9}
		{6D28A84B-C7D5-402B-BE1D-79C7E9036748} = {6D28A84B-C7D5-402B-BE1D-79C7E9036748}
	EndProjectSection
EndProject
Project("{8BC9CEB8-8B4A-11D0-8D11-00A0C91BC942}") = "assimp", "third-party\assimp\code\assimp.vcxproj", "{FF33ED36-AD2A-365E-AC51-0193D006DAD9}"
	ProjectSection(ProjectDependencies) = postProject
		{07634C8F-D3BF-37DD-B8B7-EA2301F133B2} = {07634C8F-D3BF-37DD-B8B7-EA2301F133B2}
		{79B93CA5-6C17-3E03-8BD3-89E00F980594} = {79B93CA5-6C17-3E03-8BD3-89E00F980594}
	EndProjectSection
EndProject
Project("{8BC9CEB8-8B4A-11D0-8D11-00A0C91BC942}") = "zlibstatic", "third-party\zlib\zlibstatic.vcxproj", "{79B93CA5-6C17-3E03-8BD3-89E00F980594}"
EndProject
Project("{8BC9CEB8-8B4A-11D0-8D11-00A0C91BC942}") = "irrXML", "third-party\irrXML\irrXML.vcxproj", "{07634C8F-D3BF-37DD-B8B7-EA2301F133B2}"
EndProject
Global
	GlobalSection(SolutionConfigurationPlatforms) = preSolution
		Bootstrap (Debug)|Win32 = Bootstrap (Debug)|Win32
		Bootstrap (Debug)|x64 = Bootstrap (Debug)|x64
		Bootstrap (Debug)|x86 = Bootstrap (Debug)|x86
		Debug|Win32 = Debug|Win32
		Debug|x64 = Debug|x64
		Debug|x86 = Debug|x86
		MinSizeRel|Win32 = MinSizeRel|Win32
		MinSizeRel|x64 = MinSizeRel|x64
		MinSizeRel|x86 = MinSizeRel|x86
		Release|Win32 = Release|Win32
		Release|x64 = Release|x64
		Release|x86 = Release|x86
		RelWithDebInfo|Win32 = RelWithDebInfo|Win32
		RelWithDebInfo|x64 = RelWithDebInfo|x64
		RelWithDebInfo|x86 = RelWithDebInfo|x86
	EndGlobalSection
	GlobalSection(ProjectConfigurationPlatforms) = postSolution
		{6D28A84B-C7D5-402B-BE1D-79C7E9036748}.Bootstrap (Debug)|Win32.ActiveCfg = Bootstrap (Debug)|Win32
		{6D28A84B-C7D5-402B-BE1D-79C7E9036748}.Bootstrap (Debug)|Win32.Build.0 = Bootstrap (Debug)|Win32
		{6D28A84B-C7D5-402B-BE1D-79C7E9036748}.Bootstrap (Debug)|x64.ActiveCfg = Bootstrap (Debug)|x64
		{6D28A84B-C7D5-402B-BE1D-79C7E9036748}.Bootstrap (Debug)|x64.Build.0 = Bootstrap (Debug)|x64
		{6D28A84B-C7D5-402B-BE1D-79C7E9036748}.Bootstrap (Debug)|x86.ActiveCfg = Bootstrap (Debug)|Win32
		{6D28A84B-C7D5-402B-BE1D-79C7E9036748}.Bootstrap (Debug)|x86.Build.0 = Bootstrap (Debug)|Win32
		{6D28A84B-C7D5-402B-BE1D-79C7E9036748}.Debug|Win32.ActiveCfg = Debug|Win32
		{6D28A84B-C7D5-402B-BE1D-79C7E9036748}.Debug|Win32.Build.0 = Debug|Win32
		{6D28A84B-C7D5-402B-BE1D-79C7E9036748}.Debug|x64.ActiveCfg = Debug|x64
		{6D28A84B-C7D5-402B-BE1D-79C7E9036748}.Debug|x64.Build.0 = Debug|x64
		{6D28A84B-C7D5-402B-BE1D-79C7E9036748}.Debug|x86.ActiveCfg = Debug|Win32
		{6D28A84B-C7D5-402B-BE1D-79C7E9036748}.Debug|x86.Build.0 = Debug|Win32
		{6D28A84B-C7D5-402B-BE1D-79C7E9036748}.MinSizeRel|Win32.ActiveCfg = Debug|Win32
		{6D28A84B-C7D5-402B-BE1D-79C7E9036748}.MinSizeRel|Win32.Build.0 = Debug|Win32
		{6D28A84B-C7D5-402B-BE1D-79C7E9036748}.MinSizeRel|x64.ActiveCfg = Release|x64
		{6D28A84B-C7D5-402B-BE1D-79C7E9036748}.MinSizeRel|x64.Build.0 = Release|x64
		{6D28A84B-C7D5-402B-BE1D-79C7E9036748}.MinSizeRel|x86.ActiveCfg = Debug|Win32
		{6D28A84B-C7D5-402B-BE1D-79C7E9036748}.MinSizeRel|x86.Build.0 = Debug|Win32
		{6D28A84B-C7D5-402B-BE1D-79C7E9036748}.Release|Win32.ActiveCfg = Release|Win32
		{6D28A84B-C7D5-402B-BE1D-79C7E9036748}.Release|Win32.Build.0 = Release|Win32
		{6D28A84B-C7D5-402B-BE1D-79C7E9036748}.Release|x64.ActiveCfg = Release|x64
		{6D28A84B-C7D5-402B-BE1D-79C7E9036748}.Release|x64.Build.0 = Release|x64
		{6D28A84B-C7D5-402B-BE1D-79C7E9036748}.Release|x86.ActiveCfg = Release|Win32
		{6D28A84B-C7D5-402B-BE1D-79C7E9036748}.Release|x86.Build.0 = Release|Win32
		{6D28A84B-C7D5-402B-BE1D-79C7E9036748}.RelWithDebInfo|Win32.ActiveCfg = Release|Win32
		{6D28A84B-C7D5-402B-BE1D-79C7E9036748}.RelWithDebInfo|Win32.Build.0 = Release|Win32
		{6D28A84B-C7D5-402B-BE1D-79C7E9036748}.RelWithDebInfo|x64.ActiveCfg = Release|x64
		{6D28A84B-C7D5-402B-BE1D-79C7E9036748}.RelWithDebInfo|x64.Build.0 = Release|x64
		{6D28A84B-C7D5-402B-BE1D-79C7E9036748}.RelWithDebInfo|x86.ActiveCfg = Release|Win32
		{6D28A84B-C7D5-402B-BE1D-79C7E9036748}.RelWithDebInfo|x86.Build.0 = Release|Win32
		{6BEE76CE-1EE0-4FE1-A88C-F18AE45FF9BF}.Bootstrap (Debug)|Win32.ActiveCfg = Debug|Win32
		{6BEE76CE-1EE0-4FE1-A88C-F18AE45FF9BF}.Bootstrap (Debug)|Win32.Build.0 = Debug|Win32
		{6BEE76CE-1EE0-4FE1-A88C-F18AE45FF9BF}.Bootstrap (Debug)|x64.ActiveCfg = Debug|x64
		{6BEE76CE-1EE0-4FE1-A88C-F18AE45FF9BF}.Bootstrap (Debug)|x64.Build.0 = Debug|x64
		{6BEE76CE-1EE0-4FE1-A88C-F18AE45FF9BF}.Bootstrap (Debug)|x86.ActiveCfg = Release Static|Win32
		{6BEE76CE-1EE0-4FE1-A88C-F18AE45FF9BF}.Bootstrap (Debug)|x86.Build.0 = Release Static|Win32
		{6BEE76CE-1EE0-4FE1-A88C-F18AE45FF9BF}.Debug|Win32.ActiveCfg = Debug|Win32
		{6BEE76CE-1EE0-4FE1-A88C-F18AE45FF9BF}.Debug|Win32.Build.0 = Debug|Win32
		{6BEE76CE-1EE0-4FE1-A88C-F18AE45FF9BF}.Debug|x64.ActiveCfg = Debug|x64
		{6BEE76CE-1EE0-4FE1-A88C-F18AE45FF9BF}.Debug|x64.Build.0 = Debug|x64
		{6BEE76CE-1EE0-4FE1-A88C-F18AE45FF9BF}.Debug|x86.ActiveCfg = Debug|Win32
		{6BEE76CE-1EE0-4FE1-A88C-F18AE45FF9BF}.Debug|x86.Build.0 = Debug|Win32
		{6BEE76CE-1EE0-4FE1-A88C-F18AE45FF9BF}.MinSizeRel|Win32.ActiveCfg = Debug Static|Win32
		{6BEE76CE-1EE0-4FE1-A88C-F18AE45FF9BF}.MinSizeRel|Win32.Build.0 = Debug Static|Win32
		{6BEE76CE-1EE0-4FE1-A88C-F18AE45FF9BF}.MinSizeRel|x64.ActiveCfg = Release|x64
		{6BEE76CE-1EE0-4FE1-A88C-F18AE45FF9BF}.MinSizeRel|x64.Build.0 = Release|x64
		{6BEE76CE-1EE0-4FE1-A88C-F18AE45FF9BF}.MinSizeRel|x86.ActiveCfg = Debug Static|Win32
		{6BEE76CE-1EE0-4FE1-A88C-F18AE45FF9BF}.MinSizeRel|x86.Build.0 = Debug Static|Win32
		{6BEE76CE-1EE0-4FE1-A88C-F18AE45FF9BF}.Release|Win32.ActiveCfg = Release|Win32
		{6BEE76CE-1EE0-4FE1-A88C-F18AE45FF9BF}.Release|Win32.Build.0 = Release|Win32
		{6BEE76CE-1EE0-4FE1-A88C-F18AE45FF9BF}.Release|x64.ActiveCfg = Release|x64
		{6BEE76CE-1EE0-4FE1-A88C-F18AE45FF9BF}.Release|x64.Build.0 = Release|x64
		{6BEE76CE-1EE0-4FE1-A88C-F18AE45FF9BF}.Release|x86.ActiveCfg = Release|Win32
		{6BEE76CE-1EE0-4FE1-A88C-F18AE45FF9BF}.Release|x86.Build.0 = Release|Win32
		{6BEE76CE-1EE0-4FE1-A88C-F18AE45FF9BF}.RelWithDebInfo|Win32.ActiveCfg = Release Static|Win32
		{6BEE76CE-1EE0-4FE1-A88C-F18AE45FF9BF}.RelWithDebInfo|Win32.Build.0 = Release Static|Win32
		{6BEE76CE-1EE0-4FE1-A88C-F18AE45FF9BF}.RelWithDebInfo|x64.ActiveCfg = Release|x64
		{6BEE76CE-1EE0-4FE1-A88C-F18AE45FF9BF}.RelWithDebInfo|x64.Build.0 = Release|x64
		{6BEE76CE-1EE0-4FE1-A88C-F18AE45FF9BF}.RelWithDebInfo|x86.ActiveCfg = Release Static|Win32
		{6BEE76CE-1EE0-4FE1-A88C-F18AE45FF9BF}.RelWithDebInfo|x86.Build.0 = Release Static|Win32
		{65A60F8B-6615-4B8F-879A-4E950756E7FD}.Bootstrap (Debug)|Win32.ActiveCfg = Debug|Win32
		{65A60F8B-6615-4B8F-879A-4E950756E7FD}.Bootstrap (Debug)|Win32.Build.0 = Debug|Win32
		{65A60F8B-6615-4B8F-879A-4E950756E7FD}.Bootstrap (Debug)|x64.ActiveCfg = Debug|x64
		{65A60F8B-6615-4B8F-879A-4E950756E7FD}.Bootstrap (Debug)|x64.Build.0 = Debug|x64
		{65A60F8B-6615-4B8F-879A-4E950756E7FD}.Bootstrap (Debug)|x86.ActiveCfg = Release Static|Win32
		{65A60F8B-6615-4B8F-879A-4E950756E7FD}.Bootstrap (Debug)|x86.Build.0 = Release Static|Win32
		{65A60F8B-6615-4B8F-879A-4E950756E7FD}.Debug|Win32.ActiveCfg = Debug|Win32
		{65A60F8B-6615-4B8F-879A-4E950756E7FD}.Debug|Win32.Build.0 = Debug|Win32
		{65A60F8B-6615-4B8F-879A-4E950756E7FD}.Debug|x64.ActiveCfg = Debug|x64
		{65A60F8B-6615-4B8F-879A-4E950756E7FD}.Debug|x64.Build.0 = Debug|x64
		{65A60F8B-6615-4B8F-879A-4E950756E7FD}.Debug|x86.ActiveCfg = Debug|Win32
		{65A60F8B-6615-4B8F-879A-4E950756E7FD}.Debug|x86.Build.0 = Debug|Win32
		{65A60F8B-6615-4B8F-879A-4E950756E7FD}.MinSizeRel|Win32.ActiveCfg = Debug Static|Win32
		{65A60F8B-6615-4B8F-879A-4E950756E7FD}.MinSizeRel|Win32.Build.0 = Debug Static|Win32
		{65A60F8B-6615-4B8F-879A-4E950756E7FD}.MinSizeRel|x64.ActiveCfg = Release|x64
		{65A60F8B-6615-4B8F-879A-4E950756E7FD}.MinSizeRel|x64.Build.0 = Release|x64
		{65A60F8B-6615-4B8F-879A-4E950756E7FD}.MinSizeRel|x86.ActiveCfg = Debug Static|Win32
		{65A60F8B-6615-4B8F-879A-4E950756E7FD}.MinSizeRel|x86.Build.0 = Debug Static|Win32
		{65A60F8B-6615-4B8F-879A-4E950756E7FD}.Release|Win32.ActiveCfg = Release|Win32
		{65A60F8B-6615-4B8F-879A-4E950756E7FD}.Release|Win32.Build.0 = Release|Win32
		{65A60F8B-6615-4B8F-879A-4E950756E7FD}.Release|x64.ActiveCfg = Release|x64
		{65A60F8B-6615-4B8F-879A-4E950756E7FD}.Release|x64.Build.0 = Release|x64
		{65A60F8B-6615-4B8F-879A-4E950756E7FD}.Release|x86.ActiveCfg = Release|Win32
		{65A60F8B-6615-4B8F-879A-4E950756E7FD}.Release|x86.Build.0 = Release|Win32
		{65A60F8B-6615-4B8F-879A-4E950756E7FD}.RelWithDebInfo|Win32.ActiveCfg = Release Static|Win32
		{65A60F8B-6615-4B8F-879A-4E950756E7FD}.RelWithDebInfo|Win32.Build.0 = Release Static|Win32
		{65A60F8B-6615-4B8F-879A-4E950756E7FD}.RelWithDebInfo|x64.ActiveCfg = Release|x64
		{65A60F8B-6615-4B8F-879A-4E950756E7FD}.RelWithDebInfo|x64.Build.0 = Release|x64
		{65A60F8B-6615-4B8F-879A-4E950756E7FD}.RelWithDebInfo|x86.ActiveCfg = Release Static|Win32
		{65A60F8B-6615-4B8F-879A-4E950756E7FD}.RelWithDebInfo|x86.Build.0 = Release Static|Win32
		{CF62610A-3667-40BD-8E11-30103DAA6EC0}.Bootstrap (Debug)|Win32.ActiveCfg = Debug|Win32
		{CF62610A-3667-40BD-8E11-30103DAA6EC0}.Bootstrap (Debug)|Win32.Build.0 = Debug|Win32
		{CF62610A-3667-40BD-8E11-30103DAA6EC0}.Bootstrap (Debug)|x64.ActiveCfg = Debug|x64
		{CF62610A-3667-40BD-8E11-30103DAA6EC0}.Bootstrap (Debug)|x64.Build.0 = Debug|x64
		{CF62610A-3667-40BD-8E11-30103DAA6EC0}.Bootstrap (Debug)|x86.ActiveCfg = Debug|Win32
		{CF62610A-3667-40BD-8E11-30103DAA6EC0}.Bootstrap (Debug)|x86.Build.0 = Debug|Win32
		{CF62610A-3667-40BD-8E11-30103DAA6EC0}.Debug|Win32.ActiveCfg = Debug|Win32
		{CF62610A-3667-40BD-8E11-30103DAA6EC0}.Debug|Win32.Build.0 = Debug|Win32
		{CF62610A-3667-40BD-8E11-30103DAA6EC0}.Debug|x64.ActiveCfg = Debug|x64
		{CF62610A-3667-40BD-8E11-30103DAA6EC0}.Debug|x64.Build.0 = Debug|x64
		{CF62610A-3667-40BD-8E11-30103DAA6EC0}.Debug|x86.ActiveCfg = Debug|Win32
		{CF62610A-3667-40BD-8E11-30103DAA6EC0}.Debug|x86.Build.0 = Debug|Win32
		{CF62610A-3667-40BD-8E11-30103DAA6EC0}.MinSizeRel|Win32.ActiveCfg = Debug|Win32
		{CF62610A-3667-40BD-8E11-30103DAA6EC0}.MinSizeRel|Win32.Build.0 = Debug|Win32
		{CF62610A-3667-40BD-8E11-30103DAA6EC0}.MinSizeRel|x64.ActiveCfg = Release|x64
		{CF62610A-3667-40BD-8E11-30103DAA6EC0}.MinSizeRel|x64.Build.0 = Release|x64
		{CF62610A-3667-40BD-8E11-30103DAA6EC0}.MinSizeRel|x86.ActiveCfg = Debug|Win32
		{CF62610A-3667-40BD-8E11-30103DAA6EC0}.MinSizeRel|x86.Build.0 = Debug|Win32
		{CF62610A-3667-40BD-8E11-30103DAA6EC0}.Release|Win32.ActiveCfg = Release|Win32
		{CF62610A-3667-40BD-8E11-30103DAA6EC0}.Release|Win32.Build.0 = Release|Win32
		{CF62610A-3667-40BD-8E11-30103DAA6EC0}.Release|x64.ActiveCfg = Release|x64
		{CF62610A-3667-40BD-8E11-30103DAA6EC0}.Release|x64.Build.0 = Release|x64
		{CF62610A-3667-40BD-8E11-30103DAA6EC0}.Release|x86.ActiveCfg = Release|Win32
		{CF62610A-3667-40BD-8E11-30103DAA6EC0}.Release|x86.Build.0 = Release|Win32
		{CF62610A-3667-40BD-8E11-30103DAA6EC0}.RelWithDebInfo|Win32.ActiveCfg = Release|Win32
		{CF62610A-3667-40BD-8E11-30103DAA6EC0}.RelWithDebInfo|Win32.Build.0 = Release|Win32
		{CF62610A-3667-40BD-8E11-30103DAA6EC0}.RelWithDebInfo|x64.ActiveCfg = Release|x64
		{CF62610A-3667-40BD-8E11-30103DAA6EC0}.RelWithDebInfo|x64.Build.0 = Release|x64
		{CF62610A-3667-40BD-8E11-30103DAA6EC0}.RelWithDebInfo|x86.ActiveCfg = Release|Win32
		{CF62610A-3667-40BD-8E11-30103DAA6EC0}.RelWithDebInfo|x86.Build.0 = Release|Win32
		{3E55E33C-4834-4D0A-A998-1A33A6B91B74}.Bootstrap (Debug)|Win32.ActiveCfg = Debug|Win32
		{3E55E33C-4834-4D0A-A998-1A33A6B91B74}.Bootstrap (Debug)|Win32.Build.0 = Debug|Win32
		{3E55E33C-4834-4D0A-A998-1A33A6B91B74}.Bootstrap (Debug)|x64.ActiveCfg = Debug|x64
		{3E55E33C-4834-4D0A-A998-1A33A6B91B74}.Bootstrap (Debug)|x64.Build.0 = Debug|x64
		{3E55E33C-4834-4D0A-A998-1A33A6B91B74}.Bootstrap (Debug)|x86.ActiveCfg = Release Static|Win32
		{3E55E33C-4834-4D0A-A998-1A33A6B91B74}.Bootstrap (Debug)|x86.Build.0 = Release Static|Win32
		{3E55E33C-4834-4D0A-A998-1A33A6B91B74}.Debug|Win32.ActiveCfg = Debug|Win32
		{3E55E33C-4834-4D0A-A998-1A33A6B91B74}.Debug|Win32.Build.0 = Debug|Win32
		{3E55E33C-4834-4D0A-A998-1A33A6B91B74}.Debug|x64.ActiveCfg = Debug|x64
		{3E55E33C-4834-4D0A-A998-1A33A6B91B74}.Debug|x64.Build.0 = Debug|x64
		{3E55E33C-4834-4D0A-A998-1A33A6B91B74}.Debug|x86.ActiveCfg = Debug|Win32
		{3E55E33C-4834-4D0A-A998-1A33A6B91B74}.Debug|x86.Build.0 = Debug|Win32
		{3E55E33C-4834-4D0A-A998-1A33A6B91B74}.MinSizeRel|Win32.ActiveCfg = Debug Static|Win32
		{3E55E33C-4834-4D0A-A998-1A33A6B91B74}.MinSizeRel|Win32.Build.0 = Debug Static|Win32
		{3E55E33C-4834-4D0A-A998-1A33A6B91B74}.MinSizeRel|x64.ActiveCfg = Release|x64
		{3E55E33C-4834-4D0A-A998-1A33A6B91B74}.MinSizeRel|x64.Build.0 = Release|x64
		{3E55E33C-4834-4D0A-A998-1A33A6B91B74}.MinSizeRel|x86.ActiveCfg = Debug Static|Win32
		{3E55E33C-4834-4D0A-A998-1A33A6B91B74}.MinSizeRel|x86.Build.0 = Debug Static|Win32
		{3E55E33C-4834-4D0A-A998-1A33A6B91B74}.Release|Win32.ActiveCfg = Release|Win32
		{3E55E33C-4834-4D0A-A998-1A33A6B91B74}.Release|Win32.Build.0 = Release|Win32
		{3E55E33C-4834-4D0A-A998-1A33A6B91B74}.Release|x64.ActiveCfg = Release|x64
		{3E55E33C-4834-4D0A-A998-1A33A6B91B74}.Release|x64.Build.0 = Release|x64
		{3E55E33C-4834-4D0A-A998-1A33A6B91B74}.Release|x86.ActiveCfg = Release|Win32
		{3E55E33C-4834-4D0A-A998-1A33A6B91B74}.Release|x86.Build.0 = Release|Win32
		{3E55E33C-4834-4D0A-A998-1A33A6B91B74}.RelWithDebInfo|Win32.ActiveCfg = Release Static|Win32
		{3E55E33C-4834-4D0A-A998-1A33A6B91B74}.RelWithDebInfo|Win32.Build.0 = Release Static|Win32
		{3E55E33C-4834-4D0A-A998-1A33A6B91B74}.RelWithDebInfo|x64.ActiveCfg = Release|x64
		{3E55E33C-4834-4D0A-A998-1A33A6B91B74}.RelWithDebInfo|x64.Build.0 = Release|x64
		{3E55E33C-4834-4D0A-A998-1A33A6B91B74}.RelWithDebInfo|x86.ActiveCfg = Release Static|Win32
		{3E55E33C-4834-4D0A-A998-1A33A6B91B74}.RelWithDebInfo|x86.Build.0 = Release Static|Win32
		{136FFCEA-63D5-4756-9B1A-7734745AF3DD}.Bootstrap (Debug)|Win32.ActiveCfg = Debug|Win32
		{136FFCEA-63D5-4756-9B1A-7734745AF3DD}.Bootstrap (Debug)|Win32.Build.0 = Debug|Win32
		{136FFCEA-63D5-4756-9B1A-7734745AF3DD}.Bootstrap (Debug)|x64.ActiveCfg = Release|x64
		{136FFCEA-63D5-4756-9B1A-7734745AF3DD}.Bootstrap (Debug)|x64.Build.0 = Release|x64
		{136FFCEA-63D5-4756-9B1A-7734745AF3DD}.Bootstrap (Debug)|x86.ActiveCfg = Debug|Win32
		{136FFCEA-63D5-4756-9B1A-7734745AF3DD}.Bootstrap (Debug)|x86.Build.0 = Debug|Win32
		{136FFCEA-63D5-4756-9B1A-7734745AF3DD}.Debug|Win32.ActiveCfg = Debug|Win32
		{136FFCEA-63D5-4756-9B1A-7734745AF3DD}.Debug|Win32.Build.0 = Debug|Win32
		{136FFCEA-63D5-4756-9B1A-7734745AF3DD}.Debug|x64.ActiveCfg = Debug|x64
		{136FFCEA-63D5-4756-9B1A-7734745AF3DD}.Debug|x86.ActiveCfg = Debug|Win32
		{136FFCEA-63D5-4756-9B1A-7734745AF3DD}.MinSizeRel|Win32.ActiveCfg = Debug|Win32
		{136FFCEA-63D5-4756-9B1A-7734745AF3DD}.MinSizeRel|Win32.Build.0 = Debug|Win32
		{136FFCEA-63D5-4756-9B1A-7734745AF3DD}.MinSizeRel|x64.ActiveCfg = Debug|x64
		{136FFCEA-63D5-4756-9B1A-7734745AF3DD}.MinSizeRel|x64.Build.0 = Debug|x64
		{136FFCEA-63D5-4756-9B1A-7734745AF3DD}.MinSizeRel|x86.ActiveCfg = Debug|Win32
		{136FFCEA-63D5-4756-9B1A-7734745AF3DD}.MinSizeRel|x86.Build.0 = Debug|Win32
		{136FFCEA-63D5-4756-9B1A-7734745AF3DD}.Release|Win32.ActiveCfg = Release|Win32
		{136FFCEA-63D5-4756-9B1A-7734745AF3DD}.Release|Win32.Build.0 = Release|Win32
		{136FFCEA-63D5-4756-9B1A-7734745AF3DD}.Release|x64.ActiveCfg = Release|x64
		{136FFCEA-63D5-4756-9B1A-7734745AF3DD}.Release|x86.ActiveCfg = Release|Win32
		{136FFCEA-63D5-4756-9B1A-7734745AF3DD}.RelWithDebInfo|Win32.ActiveCfg = Release|Win32
		{136FFCEA-63D5-4756-9B1A-7734745AF3DD}.RelWithDebInfo|Win32.Build.0 = Release|Win32
		{136FFCEA-63D5-4756-9B1A-7734745AF3DD}.RelWithDebInfo|x64.ActiveCfg = Release|x64
		{136FFCEA-63D5-4756-9B1A-7734745AF3DD}.RelWithDebInfo|x64.Build.0 = Release|x64
		{136FFCEA-63D5-4756-9B1A-7734745AF3DD}.RelWithDebInfo|x86.ActiveCfg = Release|Win32
		{136FFCEA-63D5-4756-9B1A-7734745AF3DD}.RelWithDebInfo|x86.Build.0 = Release|Win32
		{B62D9315-9F28-4187-83CE-9E7DF7586870}.Bootstrap (Debug)|Win32.ActiveCfg = Debug|Win32
		{B62D9315-9F28-4187-83CE-9E7DF7586870}.Bootstrap (Debug)|Win32.Build.0 = Debug|Win32
		{B62D9315-9F28-4187-83CE-9E7DF7586870}.Bootstrap (Debug)|x64.ActiveCfg = Debug|x64
		{B62D9315-9F28-4187-83CE-9E7DF7586870}.Bootstrap (Debug)|x64.Build.0 = Debug|x64
		{B62D9315-9F28-4187-83CE-9E7DF7586870}.Bootstrap (Debug)|x86.ActiveCfg = Debug|Win32
		{B62D9315-9F28-4187-83CE-9E7DF7586870}.Bootstrap (Debug)|x86.Build.0 = Debug|Win32
		{B62D9315-9F28-4187-83CE-9E7DF7586870}.Debug|Win32.ActiveCfg = Debug|Win32
		{B62D9315-9F28-4187-83CE-9E7DF7586870}.Debug|Win32.Build.0 = Debug|Win32
		{B62D9315-9F28-4187-83CE-9E7DF7586870}.Debug|x64.ActiveCfg = Debug|x64
		{B62D9315-9F28-4187-83CE-9E7DF7586870}.Debug|x64.Build.0 = Debug|x64
		{B62D9315-9F28-4187-83CE-9E7DF7586870}.Debug|x86.ActiveCfg = Debug|Win32
		{B62D9315-9F28-4187-83CE-9E7DF7586870}.Debug|x86.Build.0 = Debug|Win32
		{B62D9315-9F28-4187-83CE-9E7DF7586870}.MinSizeRel|Win32.ActiveCfg = Debug|Win32
		{B62D9315-9F28-4187-83CE-9E7DF7586870}.MinSizeRel|Win32.Build.0 = Debug|Win32
		{B62D9315-9F28-4187-83CE-9E7DF7586870}.MinSizeRel|x64.ActiveCfg = Release|x64
		{B62D9315-9F28-4187-83CE-9E7DF7586870}.MinSizeRel|x64.Build.0 = Release|x64
		{B62D9315-9F28-4187-83CE-9E7DF7586870}.MinSizeRel|x86.ActiveCfg = Debug|Win32
		{B62D9315-9F28-4187-83CE-9E7DF7586870}.MinSizeRel|x86.Build.0 = Debug|Win32
		{B62D9315-9F28-4187-83CE-9E7DF7586870}.Release|Win32.ActiveCfg = Release|Win32
		{B62D9315-9F28-4187-83CE-9E7DF7586870}.Release|Win32.Build.0 = Release|Win32
		{B62D9315-9F28-4187-83CE-9E7DF7586870}.Release|x64.ActiveCfg = Release|x64
		{B62D9315-9F28-4187-83CE-9E7DF7586870}.Release|x64.Build.0 = Release|x64
		{B62D9315-9F28-4187-83CE-9E7DF7586870}.Release|x86.ActiveCfg = Release|Win32
		{B62D9315-9F28-4187-83CE-9E7DF7586870}.Release|x86.Build.0 = Release|Win32
		{B62D9315-9F28-4187-83CE-9E7DF7586870}.RelWithDebInfo|Win32.ActiveCfg = Release|Win32
		{B62D9315-9F28-4187-83CE-9E7DF7586870}.RelWithDebInfo|Win32.Build.0 = Release|Win32
		{B62D9315-9F28-4187-83CE-9E7DF7586870}.RelWithDebInfo|x64.ActiveCfg = Release|x64
		{B62D9315-9F28-4187-83CE-9E7DF7586870}.RelWithDebInfo|x64.Build.0 = Release|x64
		{B62D9315-9F28-4187-83CE-9E7DF7586870}.RelWithDebInfo|x86.ActiveCfg = Release|Win32
		{B62D9315-9F28-4187-83CE-9E7DF7586870}.RelWithDebInfo|x86.Build.0 = Release|Win32
		{74FB1F3D-F3FF-479A-9316-1D0D41C26C7B}.Bootstrap (Debug)|Win32.ActiveCfg = Debug|Win32
		{74FB1F3D-F3FF-479A-9316-1D0D41C26C7B}.Bootstrap (Debug)|Win32.Build.0 = Debug|Win32
		{74FB1F3D-F3FF-479A-9316-1D0D41C26C7B}.Bootstrap (Debug)|x64.ActiveCfg = Debug|x64
		{74FB1F3D-F3FF-479A-9316-1D0D41C26C7B}.Bootstrap (Debug)|x64.Build.0 = Debug|x64
		{74FB1F3D-F3FF-479A-9316-1D0D41C26C7B}.Bootstrap (Debug)|x86.ActiveCfg = Debug|Win32
		{74FB1F3D-F3FF-479A-9316-1D0D41C26C7B}.Bootstrap (Debug)|x86.Build.0 = Debug|Win32
		{74FB1F3D-F3FF-479A-9316-1D0D41C26C7B}.Debug|Win32.ActiveCfg = Debug|Win32
		{74FB1F3D-F3FF-479A-9316-1D0D41C26C7B}.Debug|Win32.Build.0 = Debug|Win32
		{74FB1F3D-F3FF-479A-9316-1D0D41C26C7B}.Debug|x64.ActiveCfg = Debug|x64
		{74FB1F3D-F3FF-479A-9316-1D0D41C26C7B}.Debug|x64.Build.0 = Debug|x64
		{74FB1F3D-F3FF-479A-9316-1D0D41C26C7B}.Debug|x86.ActiveCfg = Debug|Win32
		{74FB1F3D-F3FF-479A-9316-1D0D41C26C7B}.Debug|x86.Build.0 = Debug|Win32
		{74FB1F3D-F3FF-479A-9316-1D0D41C26C7B}.MinSizeRel|Win32.ActiveCfg = Debug|Win32
		{74FB1F3D-F3FF-479A-9316-1D0D41C26C7B}.MinSizeRel|Win32.Build.0 = Debug|Win32
		{74FB1F3D-F3FF-479A-9316-1D0D41C26C7B}.MinSizeRel|x64.ActiveCfg = Release|x64
		{74FB1F3D-F3FF-479A-9316-1D0D41C26C7B}.MinSizeRel|x64.Build.0 = Release|x64
		{74FB1F3D-F3FF-479A-9316-1D0D41C26C7B}.MinSizeRel|x86.ActiveCfg = Debug|Win32
		{74FB1F3D-F3FF-479A-9316-1D0D41C26C7B}.MinSizeRel|x86.Build.0 = Debug|Win32
		{74FB1F3D-F3FF-479A-9316-1D0D41C26C7B}.Release|Win32.ActiveCfg = Release|Win32
		{74FB1F3D-F3FF-479A-9316-1D0D41C26C7B}.Release|Win32.Build.0 = Release|Win32
		{74FB1F3D-F3FF-479A-9316-1D0D41C26C7B}.Release|x64.ActiveCfg = Release|x64
		{74FB1F3D-F3FF-479A-9316-1D0D41C26C7B}.Release|x64.Build.0 = Release|x64
		{74FB1F3D-F3FF-479A-9316-1D0D41C26C7B}.Release|x86.ActiveCfg = Release|Win32
		{74FB1F3D-F3FF-479A-9316-1D0D41C26C7B}.Release|x86.Build.0 = Release|Win32
		{74FB1F3D-F3FF-479A-9316-1D0D41C26C7B}.RelWithDebInfo|Win32.ActiveCfg = Release|Win32
		{74FB1F3D-F3FF-479A-9316-1D0D41C26C7B}.RelWithDebInfo|Win32.Build.0 = Release|Win32
		{74FB1F3D-F3FF-479A-9316-1D0D41C26C7B}.RelWithDebInfo|x64.ActiveCfg = Release|x64
		{74FB1F3D-F3FF-479A-9316-1D0D41C26C7B}.RelWithDebInfo|x64.Build.0 = Release|x64
		{74FB1F3D-F3FF-479A-9316-1D0D41C26C7B}.RelWithDebInfo|x86.ActiveCfg = Release|Win32
		{74FB1F3D-F3FF-479A-9316-1D0D41C26C7B}.RelWithDebInfo|x86.Build.0 = Release|Win32
		{FF33ED36-AD2A-365E-AC51-0193D006DAD9}.Bootstrap (Debug)|Win32.ActiveCfg = Debug|Win32
		{FF33ED36-AD2A-365E-AC51-0193D006DAD9}.Bootstrap (Debug)|Win32.Build.0 = Debug|Win32
		{FF33ED36-AD2A-365E-AC51-0193D006DAD9}.Bootstrap (Debug)|x64.ActiveCfg = Debug|x64
		{FF33ED36-AD2A-365E-AC51-0193D006DAD9}.Bootstrap (Debug)|x64.Build.0 = Debug|x64
		{FF33ED36-AD2A-365E-AC51-0193D006DAD9}.Bootstrap (Debug)|x86.ActiveCfg = Debug|Win32
		{FF33ED36-AD2A-365E-AC51-0193D006DAD9}.Bootstrap (Debug)|x86.Build.0 = Debug|Win32
		{FF33ED36-AD2A-365E-AC51-0193D006DAD9}.Debug|Win32.ActiveCfg = Debug|Win32
		{FF33ED36-AD2A-365E-AC51-0193D006DAD9}.Debug|Win32.Build.0 = Debug|Win32
		{FF33ED36-AD2A-365E-AC51-0193D006DAD9}.Debug|x64.ActiveCfg = Debug|x64
		{FF33ED36-AD2A-365E-AC51-0193D006DAD9}.Debug|x64.Build.0 = Debug|x64
		{FF33ED36-AD2A-365E-AC51-0193D006DAD9}.Debug|x86.ActiveCfg = Debug|Win32
		{FF33ED36-AD2A-365E-AC51-0193D006DAD9}.Debug|x86.Build.0 = Debug|Win32
		{FF33ED36-AD2A-365E-AC51-0193D006DAD9}.MinSizeRel|Win32.ActiveCfg = Debug|Win32
		{FF33ED36-AD2A-365E-AC51-0193D006DAD9}.MinSizeRel|Win32.Build.0 = Debug|Win32
		{FF33ED36-AD2A-365E-AC51-0193D006DAD9}.MinSizeRel|x64.ActiveCfg = Release|x64
		{FF33ED36-AD2A-365E-AC51-0193D006DAD9}.MinSizeRel|x64.Build.0 = Release|x64
		{FF33ED36-AD2A-365E-AC51-0193D006DAD9}.MinSizeRel|x86.ActiveCfg = Debug|Win32
		{FF33ED36-AD2A-365E-AC51-0193D006DAD9}.MinSizeRel|x86.Build.0 = Debug|Win32
		{FF33ED36-AD2A-365E-AC51-0193D006DAD9}.Release|Win32.ActiveCfg = Release|Win32
		{FF33ED36-AD2A-365E-AC51-0193D006DAD9}.Release|Win32.Build.0 = Release|Win32
		{FF33ED36-AD2A-365E-AC51-0193D006DAD9}.Release|x64.ActiveCfg = Release|x64
		{FF33ED36-AD2A-365E-AC51-0193D006DAD9}.Release|x64.Build.0 = Release|x64
		{FF33ED36-AD2A-365E-AC51-0193D006DAD9}.Release|x86.ActiveCfg = Release|Win32
		{FF33ED36-AD2A-365E-AC51-0193D006DAD9}.Release|x86.Build.0 = Release|Win32
		{FF33ED36-AD2A-365E-AC51-0193D006DAD9}.RelWithDebInfo|Win32.ActiveCfg = Release|Win32
		{FF33ED36-AD2A-365E-AC51-0193D006DAD9}.RelWithDebInfo|Win32.Build.0 = Release|Win32
		{FF33ED36-AD2A-365E-AC51-0193D006DAD9}.RelWithDebInfo|x64.ActiveCfg = Release|x64
		{FF33ED36-AD2A-365E-AC51-0193D006DAD9}.RelWithDebInfo|x64.Build.0 = Release|x64
		{FF33ED36-AD2A-365E-AC51-0193D006DAD9}.RelWithDebInfo|x86.ActiveCfg = Release|Win32
		{FF33ED36-AD2A-365E-AC51-0193D006DAD9}.RelWithDebInfo|x86.Build.0 = Release|Win32
		{79B93CA5-6C17-3E03-8BD3-89E00F980594}.Bootstrap (Debug)|Win32.ActiveCfg = Debug|Win32
		{79B93CA5-6C17-3E03-8BD3-89E00F980594}.Bootstrap (Debug)|Win32.Build.0 = Debug|Win32
		{79B93CA5-6C17-3E03-8BD3-89E00F980594}.Bootstrap (Debug)|x64.ActiveCfg = Debug|x64
		{79B93CA5-6C17-3E03-8BD3-89E00F980594}.Bootstrap (Debug)|x64.Build.0 = Debug|x64
		{79B93CA5-6C17-3E03-8BD3-89E00F980594}.Bootstrap (Debug)|x86.ActiveCfg = Debug|Win32
		{79B93CA5-6C17-3E03-8BD3-89E00F980594}.Bootstrap (Debug)|x86.Build.0 = Debug|Win32
		{79B93CA5-6C17-3E03-8BD3-89E00F980594}.Debug|Win32.ActiveCfg = Debug|Win32
		{79B93CA5-6C17-3E03-8BD3-89E00F980594}.Debug|Win32.Build.0 = Debug|Win32
		{79B93CA5-6C17-3E03-8BD3-89E00F980594}.Debug|x64.ActiveCfg = Debug|x64
		{79B93CA5-6C17-3E03-8BD3-89E00F980594}.Debug|x64.Build.0 = Debug|x64
		{79B93CA5-6C17-3E03-8BD3-89E00F980594}.Debug|x86.ActiveCfg = Debug|Win32
		{79B93CA5-6C17-3E03-8BD3-89E00F980594}.Debug|x86.Build.0 = Debug|Win32
		{79B93CA5-6C17-3E03-8BD3-89E00F980594}.MinSizeRel|Win32.ActiveCfg = Debug|Win32
		{79B93CA5-6C17-3E03-8BD3-89E00F980594}.MinSizeRel|Win32.Build.0 = Debug|Win32
		{79B93CA5-6C17-3E03-8BD3-89E00F980594}.MinSizeRel|x64.ActiveCfg = Release|x64
		{79B93CA5-6C17-3E03-8BD3-89E00F980594}.MinSizeRel|x64.Build.0 = Release|x64
		{79B93CA5-6C17-3E03-8BD3-89E00F980594}.MinSizeRel|x86.ActiveCfg = Debug|Win32
		{79B93CA5-6C17-3E03-8BD3-89E00F980594}.MinSizeRel|x86.Build.0 = Debug|Win32
		{79B93CA5-6C17-3E03-8BD3-89E00F980594}.Release|Win32.ActiveCfg = Release|Win32
		{79B93CA5-6C17-3E03-8BD3-89E00F980594}.Release|Win32.Build.0 = Release|Win32
		{79B93CA5-6C17-3E03-8BD3-89E00F980594}.Release|x64.ActiveCfg = Release|x64
		{79B93CA5-6C17-3E03-8BD3-89E00F980594}.Release|x64.Build.0 = Release|x64
		{79B93CA5-6C17-3E03-8BD3-89E00F980594}.Release|x86.ActiveCfg = Release|Win32
		{79B93CA5-6C17-3E03-8BD3-89E00F980594}.Release|x86.Build.0 = Release|Win32
		{79B93CA5-6C17-3E03-8BD3-89E00F980594}.RelWithDebInfo|Win32.ActiveCfg = Release|Win32
		{79B93CA5-6C17-3E03-8BD3-89E00F980594}.RelWithDebInfo|Win32.Build.0 = Release|Win32
		{79B93CA5-6C17-3E03-8BD3-89E00F980594}.RelWithDebInfo|x64.ActiveCfg = Release|x64
		{79B93CA5-6C17-3E03-8BD3-89E00F980594}.RelWithDebInfo|x64.Build.0 = Release|x64
		{79B93CA5-6C17-3E03-8BD3-89E00F980594}.RelWithDebInfo|x86.ActiveCfg = Release|Win32
		{79B93CA5-6C17-3E03-8BD3-89E00F980594}.RelWithDebInfo|x86.Build.0 = Release|Win32
		{07634C8F-D3BF-37DD-B8B7-EA2301F133B2}.Bootstrap (Debug)|Win32.ActiveCfg = Debug|Win32
		{07634C8F-D3BF-37DD-B8B7-EA2301F133B2}.Bootstrap (Debug)|Win32.Build.0 = Debug|Win32
		{07634C8F-D3BF-37DD-B8B7-EA2301F133B2}.Bootstrap (Debug)|x64.ActiveCfg = Debug|x64
		{07634C8F-D3BF-37DD-B8B7-EA2301F133B2}.Bootstrap (Debug)|x64.Build.0 = Debug|x64
		{07634C8F-D3BF-37DD-B8B7-EA2301F133B2}.Bootstrap (Debug)|x86.ActiveCfg = Debug|Win32
		{07634C8F-D3BF-37DD-B8B7-EA2301F133B2}.Bootstrap (Debug)|x86.Build.0 = Debug|Win32
		{07634C8F-D3BF-37DD-B8B7-EA2301F133B2}.Debug|Win32.ActiveCfg = Debug|Win32
		{07634C8F-D3BF-37DD-B8B7-EA2301F133B2}.Debug|Win32.Build.0 = Debug|Win32
		{07634C8F-D3BF-37DD-B8B7-EA2301F133B2}.Debug|x64.ActiveCfg = Debug|x64
		{07634C8F-D3BF-37DD-B8B7-EA2301F133B2}.Debug|x64.Build.0 = Debug|x64
		{07634C8F-D3BF-37DD-B8B7-EA2301F133B2}.Debug|x86.ActiveCfg = Debug|Win32
		{07634C8F-D3BF-37DD-B8B7-EA2301F133B2}.Debug|x86.Build.0 = Debug|Win32
		{07634C8F-D3BF-37DD-B8B7-EA2301F133B2}.MinSizeRel|Win32.ActiveCfg = Debug|Win32
		{07634C8F-D3BF-37DD-B8B7-EA2301F133B2}.MinSizeRel|Win32.Build.0 = Debug|Win32
		{07634C8F-D3BF-37DD-B8B7-EA2301F133B2}.MinSizeRel|x64.ActiveCfg = Release|x64
		{07634C8F-D3BF-37DD-B8B7-EA2301F133B2}.MinSizeRel|x64.Build.0 = Release|x64
		{07634C8F-D3BF-37DD-B8B7-EA2301F133B2}.MinSizeRel|x86.ActiveCfg = Debug|Win32
		{07634C8F-D3BF-37DD-B8B7-EA2301F133B2}.MinSizeRel|x86.Build.0 = Debug|Win32
		{07634C8F-D3BF-37DD-B8B7-EA2301F133B2}.Release|Win32.ActiveCfg = Release|Win32
		{07634C8F-D3BF-37DD-B8B7-EA2301F133B2}.Release|Win32.Build.0 = Release|Win32
		{07634C8F-D3BF-37DD-B8B7-EA2301F133B2}.Release|x64.ActiveCfg = Release|x64
		{07634C8F-D3BF-37DD-B8B7-EA2301F133B2}.Release|x64.Build.0 = Release|x64
		{07634C8F-D3BF-37DD-B8B7-EA2301F133B2}.Release|x86.ActiveCfg = Release|Win32
		{07634C8F-D3BF-37DD-B8B7-EA2301F133B2}.Release|x86.Build.0 = Release|Win32
		{07634C8F-D3BF-37DD-B8B7-EA2301F133B2}.RelWithDebInfo|Win32.ActiveCfg = Release|Win32
		{07634C8F-D3BF-37DD-B8B7-EA2301F133B2}.RelWithDebInfo|Win32.Build.0 = Release|Win32
		{07634C8F-D3BF-37DD-B8B7-EA2301F133B2}.RelWithDebInfo|x64.ActiveCfg = Release|x64
		{07634C8F-D3BF-37DD-B8B7-EA2301F133B2}.RelWithDebInfo|x64.Build.0 = Release|x64
		{07634C8F-D3BF-37DD-B8B7-EA2301F133B2}.RelWithDebInfo|x86.ActiveCfg = Release|Win32
		{07634C8F-D3BF-37DD-B8B7-EA2301F133B2}.RelWithDebInfo|x86.Build.0 = Release|Win32
	EndGlobalSection
	GlobalSection(SolutionProperties) = preSolution
		HideSolutionNode = FALSE
	EndGlobalSection
	GlobalSection(NestedProjects) = preSolution
		{6BEE76CE-1EE0-4FE1-A88C-F18AE45FF9BF} = {EF4A097B-75FB-421C-B66E-E411BE29A4CA}
		{65A60F8B-6615-4B8F-879A-4E950756E7FD} = {EF4A097B-75FB-421C-B66E-E411BE29A4CA}
		{CF62610A-3667-40BD-8E11-30103DAA6EC0} = {EF4A097B-75FB-421C-B66E-E411BE29A4CA}
		{3E55E33C-4834-4D0A-A998-1A33A6B91B74} = {EF4A097B-75FB-421C-B66E-E411BE29A4CA}
		{136FFCEA-63D5-4756-9B1A-7734745AF3DD} = {EF4A097B-75FB-421C-B66E-E411BE29A4CA}
		{B62D9315-9F28-4187-83CE-9E7DF7586870} = {4E2B1180-74AF-4192-94FE-766EB5179074}
		{74FB1F3D-F3FF-479A-9316-1D0D41C26C7B} = {4E2B1180-74AF-4192-94FE-766EB5179074}
		{FF33ED36-AD2A-365E-AC51-0193D006DAD9} = {EF4A097B-75FB-421C-B66E-E411BE29A4CA}
		{79B93CA5-6C17-3E03-8BD3-89E00F980594} = {EF4A097B-75FB-421C-B66E-E411BE29A4CA}
		{07634C8F-D3BF-37DD-B8B7-EA2301F133B2} = {EF4A097B-75FB-421C-B66E-E411BE29A4CA}
	EndGlobalSection
	GlobalSection(ExtensibilityGlobals) = postSolution
		SolutionGuid = {2F101180-AF31-41BB-92BB-C1A3AB6DAB41}
	EndGlobalSection
EndGlobal
