<?xml version="1.0" encoding="utf-8"?>
<Project ToolsVersion="4.0" xmlns="http://schemas.microsoft.com/developer/msbuild/2003">
  <ItemGroup>
    <Filter Include="Source Files">
      <UniqueIdentifier>{4FC737F1-C7A5-4376-A066-2A32D752A2FF}</UniqueIdentifier>
      <Extensions>cpp;c;cc;cxx;def;odl;idl;hpj;bat;asm;asmx</Extensions>
    </Filter>
    <Filter Include="Header Files">
      <UniqueIdentifier>{93995380-89BD-4b04-88EB-625FBE52EBFB}</UniqueIdentifier>
      <Extensions>h;hh;hpp;hxx;hm;inl;inc;ipp;xsd</Extensions>
    </Filter>
    <Filter Include="Resource Files">
      <UniqueIdentifier>{67DA6AB6-F800-4c08-8B7A-83BB121AAD01}</UniqueIdentifier>
      <Extensions>rc;ico;cur;bmp;dlg;rc2;rct;bin;rgs;gif;jpg;jpeg;jpe;resx;tiff;tif;png;wav;mfcribbon-ms</Extensions>
    </Filter>
    <Filter Include="Header Files\Public">
      <UniqueIdentifier>{9ac8b90f-034a-4e4e-b384-e96d855cb7a7}</UniqueIdentifier>
    </Filter>
    <Filter Include="Header Files\Private">
      <UniqueIdentifier>{aff02508-dde9-4b36-998a-c6644c07d0b1}</UniqueIdentifier>
    </Filter>
  </ItemGroup>
  <ItemGroup>
    <ClCompile Include="Source\C3MatrixStackImpl.cpp">
      <Filter>Source Files</Filter>
    </ClCompile>
    <ClCompile Include="Source\C3RendererImpl.cpp">
      <Filter>Source Files</Filter>
    </ClCompile>
    <ClCompile Include="Source\C3SystemImpl.cpp">
      <Filter>Source Files</Filter>
    </ClCompile>
    <ClCompile Include="Source\dllmain.cpp">
      <Filter>Source Files</Filter>
    </ClCompile>
    <ClCompile Include="Source\gl_wrapper.cpp">
      <Filter>Source Files</Filter>
    </ClCompile>
    <ClCompile Include="Source\pch.cpp">
      <Filter>Source Files</Filter>
    </ClCompile>
    <ClCompile Include="Source\C3VertexBufferImpl.cpp">
      <Filter>Source Files</Filter>
    </ClCompile>
    <ClCompile Include="Source\C3IndexBufferImpl.cpp">
      <Filter>Source Files</Filter>
    </ClCompile>
    <ClCompile Include="Source\C3ShaderProgramImpl.cpp">
      <Filter>Source Files</Filter>
    </ClCompile>
    <ClCompile Include="Source\C3ShaderComponentImpl.cpp">
      <Filter>Source Files</Filter>
    </ClCompile>
    <ClCompile Include="Source\C3DepthBufferImpl.cpp">
      <Filter>Source Files</Filter>
    </ClCompile>
    <ClCompile Include="Source\C3FrameBufferImpl.cpp">
      <Filter>Source Files</Filter>
    </ClCompile>
    <ClCompile Include="Source\C3TextureImpl.cpp">
      <Filter>Source Files</Filter>
    </ClCompile>
    <ClCompile Include="$(SolutionDir)third-party\tinyxml2\tinyxml2.cpp">
      <Filter>Source Files</Filter>
    </ClCompile>
    <ClCompile Include="Source\C3LogImpl.cpp">
      <Filter>Source Files</Filter>
    </ClCompile>
    <ClCompile Include="Source\C3FactoryImpl.cpp">
      <Filter>Source Files</Filter>
    </ClCompile>
    <ClCompile Include="Source\C3PrototypeImpl.cpp">
      <Filter>Source Files</Filter>
    </ClCompile>
    <ClCompile Include="Source\C3ObjectImpl.cpp">
      <Filter>Source Files</Filter>
    </ClCompile>
    <ClCompile Include="Source\C3MeshImpl.cpp">
      <Filter>Source Files</Filter>
    </ClCompile>
    <ClCompile Include="Source\C3PositionableImpl.cpp">
      <Filter>Source Files</Filter>
    </ClCompile>
  </ItemGroup>
  <ItemGroup>
    <ClInclude Include="Include\C3.h">
      <Filter>Header Files\Public</Filter>
    </ClInclude>
    <ClInclude Include="Include\C3FrameBuffer.h">
      <Filter>Header Files\Public</Filter>
    </ClInclude>
    <ClInclude Include="Include\C3IndexBuffer.h">
      <Filter>Header Files\Public</Filter>
    </ClInclude>
    <ClInclude Include="Include\C3MatrixStack.h">
      <Filter>Header Files\Public</Filter>
    </ClInclude>
    <ClInclude Include="Source\C3MatrixStackImpl.h">
      <Filter>Header Files\Private</Filter>
    </ClInclude>
    <ClInclude Include="Include\C3Renderer.h">
      <Filter>Header Files\Public</Filter>
    </ClInclude>
    <ClInclude Include="Source\C3RendererImpl.h">
      <Filter>Header Files\Private</Filter>
    </ClInclude>
    <ClInclude Include="Include\C3System.h">
      <Filter>Header Files\Public</Filter>
    </ClInclude>
    <ClInclude Include="Source\C3SystemImpl.h">
      <Filter>Header Files\Private</Filter>
    </ClInclude>
    <ClInclude Include="Include\C3Texture.h">
      <Filter>Header Files\Public</Filter>
    </ClInclude>
    <ClInclude Include="Include\C3VertexBuffer.h">
      <Filter>Header Files\Public</Filter>
    </ClInclude>
    <ClInclude Include="Source\gl.h">
      <Filter>Header Files\Private</Filter>
    </ClInclude>
    <ClInclude Include="Source\gl_wrapper.h">
      <Filter>Header Files\Private</Filter>
    </ClInclude>
    <ClInclude Include="Source\glext.h">
      <Filter>Header Files\Private</Filter>
    </ClInclude>
    <ClInclude Include="Source\framework.h">
      <Filter>Header Files\Private</Filter>
    </ClInclude>
    <ClInclude Include="Source\pch.h">
      <Filter>Header Files\Private</Filter>
    </ClInclude>
    <ClInclude Include="Source\C3VertexBufferImpl.h">
      <Filter>Header Files\Private</Filter>
    </ClInclude>
    <ClInclude Include="Source\C3IndexBufferImpl.h">
      <Filter>Header Files\Private</Filter>
    </ClInclude>
    <ClInclude Include="Source\C3ShaderComponentImpl.h">
      <Filter>Header Files\Private</Filter>
    </ClInclude>
    <ClInclude Include="Source\C3ShaderProgramImpl.h">
      <Filter>Header Files\Private</Filter>
    </ClInclude>
    <ClInclude Include="Include\C3ShaderProgram.h">
      <Filter>Header Files\Public</Filter>
    </ClInclude>
    <ClInclude Include="Include\C3ShaderComponent.h">
      <Filter>Header Files\Public</Filter>
    </ClInclude>
    <ClInclude Include="Include\C3DepthBuffer.h">
      <Filter>Header Files\Public</Filter>
    </ClInclude>
    <ClInclude Include="Source\C3DepthBufferImpl.h">
      <Filter>Header Files\Private</Filter>
    </ClInclude>
    <ClInclude Include="Source\C3FrameBufferImpl.h">
      <Filter>Header Files\Private</Filter>
    </ClInclude>
    <ClInclude Include="Source\C3TextureImpl.h">
      <Filter>Header Files\Private</Filter>
    </ClInclude>
    <ClInclude Include="$(SolutionDir)third-party\tinyxml2\tinyxml2.h">
      <Filter>Header Files\Private</Filter>
    </ClInclude>
    <ClInclude Include="Source\wglext.h">
      <Filter>Header Files\Private</Filter>
    </ClInclude>
    <ClInclude Include="Include\C3Log.h">
      <Filter>Header Files\Public</Filter>
    </ClInclude>
    <ClInclude Include="Source\C3LogImpl.h">
      <Filter>Header Files\Private</Filter>
    </ClInclude>
    <ClInclude Include="Include\C3Factory.h">
      <Filter>Header Files\Public</Filter>
    </ClInclude>
    <ClInclude Include="Include\C3Object.h">
      <Filter>Header Files\Public</Filter>
    </ClInclude>
    <ClInclude Include="Include\C3Comportment.h">
      <Filter>Header Files</Filter>
    </ClInclude>
    <ClInclude Include="Include\C3Prototype.h">
      <Filter>Header Files</Filter>
    </ClInclude>
    <ClInclude Include="Source\C3FactoryImpl.h">
      <Filter>Header Files</Filter>
    </ClInclude>
    <ClInclude Include="Source\C3PrototypeImpl.h">
      <Filter>Header Files</Filter>
    </ClInclude>
    <ClInclude Include="Source\C3ObjectImpl.h">
      <Filter>Header Files</Filter>
    </ClInclude>
    <ClInclude Include="Include\C3Mesh.h">
      <Filter>Header Files</Filter>
    </ClInclude>
    <ClInclude Include="Source\C3MeshImpl.h">
      <Filter>Header Files</Filter>
    </ClInclude>
    <ClInclude Include="Include\C3Positionable.h">
      <Filter>Header Files</Filter>
    </ClInclude>
    <ClInclude Include="Source\C3PositionableImpl.h">
      <Filter>Header Files</Filter>
    </ClInclude>
    <ClInclude Include="Include\C3Camera.h">
      <Filter>Header Files</Filter>
    </ClInclude>
    <ClInclude Include="Source\C3CameraImpl.h">
      <Filter>Header Files</Filter>
    </ClInclude>
  </ItemGroup>
</Project>