
Microsoft Visual Studio Solution File, Format Version 12.00
# Visual Studio Version 16
VisualStudioVersion = 16.0.29509.3
MinimumVisualStudioVersion = 10.0.40219.1
Project("{8BC9CEB8-8B4A-11D0-8D11-00A0C91BC942}") = "Celerity", "Celerity3.vcxproj", "{6D28A84B-C7D5-402B-BE1D-79C7E9036748}"
	ProjectSection(ProjectDependencies) = postProject
		{CF62610A-3667-40BD-8E11-30103DAA6EC0} = {CF62610A-3667-40BD-8E11-30103DAA6EC0}
		{3E55E33C-4834-4D0A-A998-1A33A6B91B74} = {3E55E33C-4834-4D0A-A998-1A33A6B91B74}
		{65A60F8B-6615-4B8F-879A-4E950756E7FD} = {65A60F8B-6615-4B8F-879A-4E950756E7FD}
		{6BEE76CE-1EE0-4FE1-A88C-F18AE45FF9BF} = {6BEE76CE-1EE0-4FE1-A88C-F18AE45FF9BF}
		{136FFCEA-63D5-4756-9B1A-7734745AF3DD} = {136FFCEA-63D5-4756-9B1A-7734745AF3DD}
		{68EEDDFF-ECE7-4982-88AD-5C803216D17A} = {68EEDDFF-ECE7-4982-88AD-5C803216D17A}
	EndProjectSection
EndProject
Project("{2150E333-8FDC-42A3-9474-1A3956D46DE8}") = "third-party", "third-party", "{EF4A097B-75FB-421C-B66E-E411BE29A4CA}"
EndProject
Project("{8BC9CEB8-8B4A-11D0-8D11-00A0C91BC942}") = "PowerProps", "third-party\PowerProps\PowerProps.vcxproj", "{6BEE76CE-1EE0-4FE1-A88C-F18AE45FF9BF}"
	ProjectSection(ProjectDependencies) = postProject
		{3E55E33C-4834-4D0A-A998-1A33A6B91B74} = {3E55E33C-4834-4D0A-A998-1A33A6B91B74}
		{68EEDDFF-ECE7-4982-88AD-5C803216D17A} = {68EEDDFF-ECE7-4982-88AD-5C803216D17A}
	EndProjectSection
EndProject
Project("{8BC9CEB8-8B4A-11D0-8D11-00A0C91BC942}") = "Pool", "third-party\Pool\Pool.vcxproj", "{65A60F8B-6615-4B8F-879A-4E950756E7FD}"
	ProjectSection(ProjectDependencies) = postProject
		{68EEDDFF-ECE7-4982-88AD-5C803216D17A} = {68EEDDFF-ECE7-4982-88AD-5C803216D17A}
	EndProjectSection
EndProject
Project("{8BC9CEB8-8B4A-11D0-8D11-00A0C91BC942}") = "mqme", "third-party\mqme\mqme.vcxproj", "{CF62610A-3667-40BD-8E11-30103DAA6EC0}"
	ProjectSection(ProjectDependencies) = postProject
		{65A60F8B-6615-4B8F-879A-4E950756E7FD} = {65A60F8B-6615-4B8F-879A-4E950756E7FD}
		{68EEDDFF-ECE7-4982-88AD-5C803216D17A} = {68EEDDFF-ECE7-4982-88AD-5C803216D17A}
	EndProjectSection
EndProject
Project("{8BC9CEB8-8B4A-11D0-8D11-00A0C91BC942}") = "GenIO", "third-party\GenIO\GenIO.vcxproj", "{3E55E33C-4834-4D0A-A998-1A33A6B91B74}"
	ProjectSection(ProjectDependencies) = postProject
		{68EEDDFF-ECE7-4982-88AD-5C803216D17A} = {68EEDDFF-ECE7-4982-88AD-5C803216D17A}
	EndProjectSection
EndProject
Project("{8BC9CEB8-8B4A-11D0-8D11-00A0C91BC942}") = "GLlibgen", "third-party\GLlibgen\GLlibgen.vcxproj", "{136FFCEA-63D5-4756-9B1A-7734745AF3DD}"
	ProjectSection(ProjectDependencies) = postProject
		{68EEDDFF-ECE7-4982-88AD-5C803216D17A} = {68EEDDFF-ECE7-4982-88AD-5C803216D17A}
	EndProjectSection
EndProject
Project("{2150E333-8FDC-42A3-9474-1A3956D46DE8}") = "Applications", "Applications", "{4E2B1180-74AF-4192-94FE-766EB5179074}"
EndProject
Project("{2150E333-8FDC-42A3-9474-1A3956D46DE8}") = "Plug-ins", "Plug-ins", "{294EDC34-AA56-40BE-9164-BB662F528E8F}"
EndProject
Project("{8BC9CEB8-8B4A-11D0-8D11-00A0C91BC942}") = "C3App", "Applications\C3App\C3App.vcxproj", "{B62D9315-9F28-4187-83CE-9E7DF7586870}"
	ProjectSection(ProjectDependencies) = postProject
		{CF62610A-3667-40BD-8E11-30103DAA6EC0} = {CF62610A-3667-40BD-8E11-30103DAA6EC0}
		{3E55E33C-4834-4D0A-A998-1A33A6B91B74} = {3E55E33C-4834-4D0A-A998-1A33A6B91B74}
		{6D28A84B-C7D5-402B-BE1D-79C7E9036748} = {6D28A84B-C7D5-402B-BE1D-79C7E9036748}
		{65A60F8B-6615-4B8F-879A-4E950756E7FD} = {65A60F8B-6615-4B8F-879A-4E950756E7FD}
		{6BEE76CE-1EE0-4FE1-A88C-F18AE45FF9BF} = {6BEE76CE-1EE0-4FE1-A88C-F18AE45FF9BF}
		{68EEDDFF-ECE7-4982-88AD-5C803216D17A} = {68EEDDFF-ECE7-4982-88AD-5C803216D17A}
	EndProjectSection
EndProject
Project("{8BC9CEB8-8B4A-11D0-8D11-00A0C91BC942}") = "Celedit3", "Applications\Celedit3\Celedit3.vcxproj", "{74FB1F3D-F3FF-479A-9316-1D0D41C26C7B}"
	ProjectSection(ProjectDependencies) = postProject
		{6D28A84B-C7D5-402B-BE1D-79C7E9036748} = {6D28A84B-C7D5-402B-BE1D-79C7E9036748}
		{68EEDDFF-ECE7-4982-88AD-5C803216D17A} = {68EEDDFF-ECE7-4982-88AD-5C803216D17A}
	EndProjectSection
EndProject
Project("{8BC9CEB8-8B4A-11D0-8D11-00A0C91BC942}") = "PowerSlide_C3P", "..\..\spitz\PowerSlide\PowerSlide_C3P\PowerSlide_C3P.vcxproj", "{94FBC020-7492-4FD8-9065-28DD2BAC91D9}"
	ProjectSection(ProjectDependencies) = postProject
		{6D28A84B-C7D5-402B-BE1D-79C7E9036748} = {6D28A84B-C7D5-402B-BE1D-79C7E9036748}
		{68EEDDFF-ECE7-4982-88AD-5C803216D17A} = {68EEDDFF-ECE7-4982-88AD-5C803216D17A}
	EndProjectSection
EndProject
Project("{8BC9CEB8-8B4A-11D0-8D11-00A0C91BC942}") = "CelerityConfig", "..\c3\CelerityConfig\CelerityConfig.vcxproj", "{68EEDDFF-ECE7-4982-88AD-5C803216D17A}"
EndProject
Global
	GlobalSection(SolutionConfigurationPlatforms) = preSolution
		Bootstrap (Debug)|x64 = Bootstrap (Debug)|x64
		Bootstrap (Debug)|x86 = Bootstrap (Debug)|x86
		Debug|x64 = Debug|x64
		Debug|x86 = Debug|x86
		Release|x64 = Release|x64
		Release|x86 = Release|x86
	EndGlobalSection
	GlobalSection(ProjectConfigurationPlatforms) = postSolution
		{6D28A84B-C7D5-402B-BE1D-79C7E9036748}.Bootstrap (Debug)|x64.ActiveCfg = Bootstrap (Debug)|x64
		{6D28A84B-C7D5-402B-BE1D-79C7E9036748}.Bootstrap (Debug)|x64.Build.0 = Bootstrap (Debug)|x64
		{6D28A84B-C7D5-402B-BE1D-79C7E9036748}.Bootstrap (Debug)|x86.ActiveCfg = Bootstrap (Debug)|x64
		{6D28A84B-C7D5-402B-BE1D-79C7E9036748}.Debug|x64.ActiveCfg = Debug|x64
		{6D28A84B-C7D5-402B-BE1D-79C7E9036748}.Debug|x64.Build.0 = Debug|x64
		{6D28A84B-C7D5-402B-BE1D-79C7E9036748}.Debug|x86.ActiveCfg = Debug|x64
		{6D28A84B-C7D5-402B-BE1D-79C7E9036748}.Release|x64.ActiveCfg = Release|x64
		{6D28A84B-C7D5-402B-BE1D-79C7E9036748}.Release|x64.Build.0 = Release|x64
		{6D28A84B-C7D5-402B-BE1D-79C7E9036748}.Release|x86.ActiveCfg = Release|x64
		{6BEE76CE-1EE0-4FE1-A88C-F18AE45FF9BF}.Bootstrap (Debug)|x64.ActiveCfg = Debug|x64
		{6BEE76CE-1EE0-4FE1-A88C-F18AE45FF9BF}.Bootstrap (Debug)|x64.Build.0 = Debug|x64
		{6BEE76CE-1EE0-4FE1-A88C-F18AE45FF9BF}.Bootstrap (Debug)|x86.ActiveCfg = Debug|Win32
		{6BEE76CE-1EE0-4FE1-A88C-F18AE45FF9BF}.Bootstrap (Debug)|x86.Build.0 = Debug|Win32
		{6BEE76CE-1EE0-4FE1-A88C-F18AE45FF9BF}.Debug|x64.ActiveCfg = Debug|x64
		{6BEE76CE-1EE0-4FE1-A88C-F18AE45FF9BF}.Debug|x64.Build.0 = Debug|x64
		{6BEE76CE-1EE0-4FE1-A88C-F18AE45FF9BF}.Debug|x86.ActiveCfg = Debug|Win32
		{6BEE76CE-1EE0-4FE1-A88C-F18AE45FF9BF}.Debug|x86.Build.0 = Debug|Win32
		{6BEE76CE-1EE0-4FE1-A88C-F18AE45FF9BF}.Release|x64.ActiveCfg = Release|x64
		{6BEE76CE-1EE0-4FE1-A88C-F18AE45FF9BF}.Release|x64.Build.0 = Release|x64
		{6BEE76CE-1EE0-4FE1-A88C-F18AE45FF9BF}.Release|x86.ActiveCfg = Release|Win32
		{6BEE76CE-1EE0-4FE1-A88C-F18AE45FF9BF}.Release|x86.Build.0 = Release|Win32
		{65A60F8B-6615-4B8F-879A-4E950756E7FD}.Bootstrap (Debug)|x64.ActiveCfg = Debug|x64
		{65A60F8B-6615-4B8F-879A-4E950756E7FD}.Bootstrap (Debug)|x64.Build.0 = Debug|x64
		{65A60F8B-6615-4B8F-879A-4E950756E7FD}.Bootstrap (Debug)|x86.ActiveCfg = Debug|Win32
		{65A60F8B-6615-4B8F-879A-4E950756E7FD}.Bootstrap (Debug)|x86.Build.0 = Debug|Win32
		{65A60F8B-6615-4B8F-879A-4E950756E7FD}.Debug|x64.ActiveCfg = Debug|x64
		{65A60F8B-6615-4B8F-879A-4E950756E7FD}.Debug|x64.Build.0 = Debug|x64
		{65A60F8B-6615-4B8F-879A-4E950756E7FD}.Debug|x86.ActiveCfg = Debug|Win32
		{65A60F8B-6615-4B8F-879A-4E950756E7FD}.Debug|x86.Build.0 = Debug|Win32
		{65A60F8B-6615-4B8F-879A-4E950756E7FD}.Release|x64.ActiveCfg = Release|x64
		{65A60F8B-6615-4B8F-879A-4E950756E7FD}.Release|x64.Build.0 = Release|x64
		{65A60F8B-6615-4B8F-879A-4E950756E7FD}.Release|x86.ActiveCfg = Release|Win32
		{65A60F8B-6615-4B8F-879A-4E950756E7FD}.Release|x86.Build.0 = Release|Win32
		{CF62610A-3667-40BD-8E11-30103DAA6EC0}.Bootstrap (Debug)|x64.ActiveCfg = Debug|x64
		{CF62610A-3667-40BD-8E11-30103DAA6EC0}.Bootstrap (Debug)|x64.Build.0 = Debug|x64
		{CF62610A-3667-40BD-8E11-30103DAA6EC0}.Bootstrap (Debug)|x86.ActiveCfg = Debug|Win32
		{CF62610A-3667-40BD-8E11-30103DAA6EC0}.Bootstrap (Debug)|x86.Build.0 = Debug|Win32
		{CF62610A-3667-40BD-8E11-30103DAA6EC0}.Debug|x64.ActiveCfg = Debug|x64
		{CF62610A-3667-40BD-8E11-30103DAA6EC0}.Debug|x64.Build.0 = Debug|x64
		{CF62610A-3667-40BD-8E11-30103DAA6EC0}.Debug|x86.ActiveCfg = Debug|Win32
		{CF62610A-3667-40BD-8E11-30103DAA6EC0}.Debug|x86.Build.0 = Debug|Win32
		{CF62610A-3667-40BD-8E11-30103DAA6EC0}.Release|x64.ActiveCfg = Release|x64
		{CF62610A-3667-40BD-8E11-30103DAA6EC0}.Release|x64.Build.0 = Release|x64
		{CF62610A-3667-40BD-8E11-30103DAA6EC0}.Release|x86.ActiveCfg = Release|Win32
		{CF62610A-3667-40BD-8E11-30103DAA6EC0}.Release|x86.Build.0 = Release|Win32
		{3E55E33C-4834-4D0A-A998-1A33A6B91B74}.Bootstrap (Debug)|x64.ActiveCfg = Debug|x64
		{3E55E33C-4834-4D0A-A998-1A33A6B91B74}.Bootstrap (Debug)|x64.Build.0 = Debug|x64
		{3E55E33C-4834-4D0A-A998-1A33A6B91B74}.Bootstrap (Debug)|x86.ActiveCfg = Release|x64
		{3E55E33C-4834-4D0A-A998-1A33A6B91B74}.Bootstrap (Debug)|x86.Build.0 = Release|x64
		{3E55E33C-4834-4D0A-A998-1A33A6B91B74}.Debug|x64.ActiveCfg = Debug|x64
		{3E55E33C-4834-4D0A-A998-1A33A6B91B74}.Debug|x64.Build.0 = Debug|x64
		{3E55E33C-4834-4D0A-A998-1A33A6B91B74}.Debug|x86.ActiveCfg = Debug|x64
		{3E55E33C-4834-4D0A-A998-1A33A6B91B74}.Release|x64.ActiveCfg = Release|x64
		{3E55E33C-4834-4D0A-A998-1A33A6B91B74}.Release|x64.Build.0 = Release|x64
		{3E55E33C-4834-4D0A-A998-1A33A6B91B74}.Release|x86.ActiveCfg = Release|x64
		{136FFCEA-63D5-4756-9B1A-7734745AF3DD}.Bootstrap (Debug)|x64.ActiveCfg = Release|x64
		{136FFCEA-63D5-4756-9B1A-7734745AF3DD}.Bootstrap (Debug)|x64.Build.0 = Release|x64
		{136FFCEA-63D5-4756-9B1A-7734745AF3DD}.Bootstrap (Debug)|x86.ActiveCfg = Debug|x64
		{136FFCEA-63D5-4756-9B1A-7734745AF3DD}.Bootstrap (Debug)|x86.Build.0 = Debug|x64
		{136FFCEA-63D5-4756-9B1A-7734745AF3DD}.Debug|x64.ActiveCfg = Debug|x64
		{136FFCEA-63D5-4756-9B1A-7734745AF3DD}.Debug|x86.ActiveCfg = Debug|x64
		{136FFCEA-63D5-4756-9B1A-7734745AF3DD}.Release|x64.ActiveCfg = Release|x64
		{136FFCEA-63D5-4756-9B1A-7734745AF3DD}.Release|x86.ActiveCfg = Release|x64
		{B62D9315-9F28-4187-83CE-9E7DF7586870}.Bootstrap (Debug)|x64.ActiveCfg = Debug|x64
		{B62D9315-9F28-4187-83CE-9E7DF7586870}.Bootstrap (Debug)|x64.Build.0 = Debug|x64
		{B62D9315-9F28-4187-83CE-9E7DF7586870}.Bootstrap (Debug)|x86.ActiveCfg = Release|x64
		{B62D9315-9F28-4187-83CE-9E7DF7586870}.Bootstrap (Debug)|x86.Build.0 = Release|x64
		{B62D9315-9F28-4187-83CE-9E7DF7586870}.Debug|x64.ActiveCfg = Debug|x64
		{B62D9315-9F28-4187-83CE-9E7DF7586870}.Debug|x64.Build.0 = Debug|x64
		{B62D9315-9F28-4187-83CE-9E7DF7586870}.Debug|x86.ActiveCfg = Debug|x64
		{B62D9315-9F28-4187-83CE-9E7DF7586870}.Release|x64.ActiveCfg = Release|x64
		{B62D9315-9F28-4187-83CE-9E7DF7586870}.Release|x64.Build.0 = Release|x64
		{B62D9315-9F28-4187-83CE-9E7DF7586870}.Release|x86.ActiveCfg = Release|x64
		{74FB1F3D-F3FF-479A-9316-1D0D41C26C7B}.Bootstrap (Debug)|x64.ActiveCfg = Debug|x64
		{74FB1F3D-F3FF-479A-9316-1D0D41C26C7B}.Bootstrap (Debug)|x64.Build.0 = Debug|x64
		{74FB1F3D-F3FF-479A-9316-1D0D41C26C7B}.Bootstrap (Debug)|x86.ActiveCfg = Release|x64
		{74FB1F3D-F3FF-479A-9316-1D0D41C26C7B}.Bootstrap (Debug)|x86.Build.0 = Release|x64
		{74FB1F3D-F3FF-479A-9316-1D0D41C26C7B}.Debug|x64.ActiveCfg = Debug|x64
		{74FB1F3D-F3FF-479A-9316-1D0D41C26C7B}.Debug|x64.Build.0 = Debug|x64
		{74FB1F3D-F3FF-479A-9316-1D0D41C26C7B}.Debug|x86.ActiveCfg = Debug|x64
		{74FB1F3D-F3FF-479A-9316-1D0D41C26C7B}.Release|x64.ActiveCfg = Release|x64
		{74FB1F3D-F3FF-479A-9316-1D0D41C26C7B}.Release|x64.Build.0 = Release|x64
		{74FB1F3D-F3FF-479A-9316-1D0D41C26C7B}.Release|x86.ActiveCfg = Release|x64
		{94FBC020-7492-4FD8-9065-28DD2BAC91D9}.Bootstrap (Debug)|x64.ActiveCfg = Debug|x64
		{94FBC020-7492-4FD8-9065-28DD2BAC91D9}.Bootstrap (Debug)|x64.Build.0 = Debug|x64
		{94FBC020-7492-4FD8-9065-28DD2BAC91D9}.Bootstrap (Debug)|x86.ActiveCfg = Release|x64
		{94FBC020-7492-4FD8-9065-28DD2BAC91D9}.Bootstrap (Debug)|x86.Build.0 = Release|x64
		{94FBC020-7492-4FD8-9065-28DD2BAC91D9}.Debug|x64.ActiveCfg = Debug|x64
		{94FBC020-7492-4FD8-9065-28DD2BAC91D9}.Debug|x64.Build.0 = Debug|x64
		{94FBC020-7492-4FD8-9065-28DD2BAC91D9}.Debug|x86.ActiveCfg = Debug|x64
		{94FBC020-7492-4FD8-9065-28DD2BAC91D9}.Release|x64.ActiveCfg = Release|x64
		{94FBC020-7492-4FD8-9065-28DD2BAC91D9}.Release|x64.Build.0 = Release|x64
		{94FBC020-7492-4FD8-9065-28DD2BAC91D9}.Release|x86.ActiveCfg = Release|x64
		{68EEDDFF-ECE7-4982-88AD-5C803216D17A}.Bootstrap (Debug)|x64.ActiveCfg = Debug|x64
		{68EEDDFF-ECE7-4982-88AD-5C803216D17A}.Bootstrap (Debug)|x64.Build.0 = Debug|x64
		{68EEDDFF-ECE7-4982-88AD-5C803216D17A}.Bootstrap (Debug)|x86.ActiveCfg = Debug|Win32
		{68EEDDFF-ECE7-4982-88AD-5C803216D17A}.Bootstrap (Debug)|x86.Build.0 = Debug|Win32
		{68EEDDFF-ECE7-4982-88AD-5C803216D17A}.Debug|x64.ActiveCfg = Debug|x64
		{68EEDDFF-ECE7-4982-88AD-5C803216D17A}.Debug|x86.ActiveCfg = Debug|Win32
		{68EEDDFF-ECE7-4982-88AD-5C803216D17A}.Debug|x86.Build.0 = Debug|Win32
		{68EEDDFF-ECE7-4982-88AD-5C803216D17A}.Release|x64.ActiveCfg = Release|x64
		{68EEDDFF-ECE7-4982-88AD-5C803216D17A}.Release|x86.ActiveCfg = Release|Win32
		{68EEDDFF-ECE7-4982-88AD-5C803216D17A}.Release|x86.Build.0 = Release|Win32
	EndGlobalSection
	GlobalSection(SolutionProperties) = preSolution
		HideSolutionNode = FALSE
	EndGlobalSection
	GlobalSection(NestedProjects) = preSolution
		{6BEE76CE-1EE0-4FE1-A88C-F18AE45FF9BF} = {EF4A097B-75FB-421C-B66E-E411BE29A4CA}
		{65A60F8B-6615-4B8F-879A-4E950756E7FD} = {EF4A097B-75FB-421C-B66E-E411BE29A4CA}
		{CF62610A-3667-40BD-8E11-30103DAA6EC0} = {EF4A097B-75FB-421C-B66E-E411BE29A4CA}
		{3E55E33C-4834-4D0A-A998-1A33A6B91B74} = {EF4A097B-75FB-421C-B66E-E411BE29A4CA}
		{136FFCEA-63D5-4756-9B1A-7734745AF3DD} = {EF4A097B-75FB-421C-B66E-E411BE29A4CA}
		{B62D9315-9F28-4187-83CE-9E7DF7586870} = {4E2B1180-74AF-4192-94FE-766EB5179074}
		{74FB1F3D-F3FF-479A-9316-1D0D41C26C7B} = {4E2B1180-74AF-4192-94FE-766EB5179074}
		{94FBC020-7492-4FD8-9065-28DD2BAC91D9} = {294EDC34-AA56-40BE-9164-BB662F528E8F}
	EndGlobalSection
	GlobalSection(ExtensibilityGlobals) = postSolution
		SolutionGuid = {2F101180-AF31-41BB-92BB-C1A3AB6DAB41}
	EndGlobalSection
EndGlobal
